// !$*UTF8*$!
{
	archiveVersion = 1;
	classes = {
	};
	objectVersion = 53;
	objects = {

/* Begin PBXBuildFile section */
		8C0EF88E2A506E560012CFBB /* PreviewUIViewModel.swift in Sources */ = {isa = PBXBuildFile; fileRef = 8C0EF88D2A506E560012CFBB /* PreviewUIViewModel.swift */; };
		8C0EF8902A506F770012CFBB /* PreviewUIViewModelTests.swift in Sources */ = {isa = PBXBuildFile; fileRef = 8C0EF88F2A506F770012CFBB /* PreviewUIViewModelTests.swift */; };
		8C0EF8912A506FD30012CFBB /* PreviewUIViewModel.swift in Sources */ = {isa = PBXBuildFile; fileRef = 8C0EF88D2A506E560012CFBB /* PreviewUIViewModel.swift */; };
		8C0EF8932A507CA90012CFBB /* MockUIViewControllerTransitionCoordinator.swift in Sources */ = {isa = PBXBuildFile; fileRef = 8C0EF8922A507CA90012CFBB /* MockUIViewControllerTransitionCoordinator.swift */; };
		8C0EF8952A507DEE0012CFBB /* PreviewViewControllerTests.swift in Sources */ = {isa = PBXBuildFile; fileRef = 8C0EF8942A507DEE0012CFBB /* PreviewViewControllerTests.swift */; };
		8C0EF8972A5080220012CFBB /* PreviewViewControllerViewModel.swift in Sources */ = {isa = PBXBuildFile; fileRef = 8C0EF8962A5080220012CFBB /* PreviewViewControllerViewModel.swift */; };
		8C0EF8992A5086440012CFBB /* MockPreviewViewControllerViewModel.swift in Sources */ = {isa = PBXBuildFile; fileRef = 8C0EF8982A5086440012CFBB /* MockPreviewViewControllerViewModel.swift */; };
		8C0EF89A2A5086640012CFBB /* PreviewViewControllerViewModel.swift in Sources */ = {isa = PBXBuildFile; fileRef = 8C0EF8962A5080220012CFBB /* PreviewViewControllerViewModel.swift */; };
		8C1180C9253EFE2A004ED0B0 /* CameraOperationContract.swift in Sources */ = {isa = PBXBuildFile; fileRef = 8C1180C8253EFE2A004ED0B0 /* CameraOperationContract.swift */; };
		8C1180CE253EFE7F004ED0B0 /* CameraOperation.swift in Sources */ = {isa = PBXBuildFile; fileRef = 8C1180CD253EFE7F004ED0B0 /* CameraOperation.swift */; };
		8C1180D3253F17C9004ED0B0 /* MockCaptureVideoPreviewLayer.swift in Sources */ = {isa = PBXBuildFile; fileRef = 8C1180D2253F17C9004ED0B0 /* MockCaptureVideoPreviewLayer.swift */; };
		8C1180E7253F2032004ED0B0 /* CameraOperationTests.swift in Sources */ = {isa = PBXBuildFile; fileRef = 8C1180E6253F2032004ED0B0 /* CameraOperationTests.swift */; };
		8C1180F9253F2A0E004ED0B0 /* MockCaptureUtils.swift in Sources */ = {isa = PBXBuildFile; fileRef = 8C1180F8253F2A0E004ED0B0 /* MockCaptureUtils.swift */; };
		8C11810A253F3B2A004ED0B0 /* DeviceResources.swift in Sources */ = {isa = PBXBuildFile; fileRef = 8C118109253F3B2A004ED0B0 /* DeviceResources.swift */; };
		8C11810F253F6CE3004ED0B0 /* MockResources.swift in Sources */ = {isa = PBXBuildFile; fileRef = 8C11810E253F6CE3004ED0B0 /* MockResources.swift */; };
		8C118120254021E8004ED0B0 /* HistogramGenerator.swift in Sources */ = {isa = PBXBuildFile; fileRef = 8C11811F254021E8004ED0B0 /* HistogramGenerator.swift */; };
		8C11812525405162004ED0B0 /* HistogramViewModel.swift in Sources */ = {isa = PBXBuildFile; fileRef = 8C11812425405162004ED0B0 /* HistogramViewModel.swift */; };
		8C11812A254052AD004ED0B0 /* HistogramView.swift in Sources */ = {isa = PBXBuildFile; fileRef = 8C118129254052AD004ED0B0 /* HistogramView.swift */; };
		8C12BD0229985FEB008C181D /* MockPhotoTaker.swift in Sources */ = {isa = PBXBuildFile; fileRef = 8C12BD0129985FEB008C181D /* MockPhotoTaker.swift */; };
		8C12BD0429989725008C181D /* AVCaptureDevice+CaptureDevice.swift in Sources */ = {isa = PBXBuildFile; fileRef = 8C12BD0329989725008C181D /* AVCaptureDevice+CaptureDevice.swift */; };
		8C19F51D2A58059E008EC83D /* CameraSelectionViewModel.swift in Sources */ = {isa = PBXBuildFile; fileRef = 8C19F51C2A58059E008EC83D /* CameraSelectionViewModel.swift */; };
		8C19F51F2A5808A5008EC83D /* SelectableCameraViewModel.swift in Sources */ = {isa = PBXBuildFile; fileRef = 8C19F51E2A5808A5008EC83D /* SelectableCameraViewModel.swift */; };
		8C19F5212A581DEB008EC83D /* CameraSelectionView.swift in Sources */ = {isa = PBXBuildFile; fileRef = 8C19F5202A581DEB008EC83D /* CameraSelectionView.swift */; };
		8C19F5222A5843C7008EC83D /* CameraSelectionView.swift in Sources */ = {isa = PBXBuildFile; fileRef = 8C19F5202A581DEB008EC83D /* CameraSelectionView.swift */; };
		8C19F5232A5843D4008EC83D /* CameraSelectionViewModel.swift in Sources */ = {isa = PBXBuildFile; fileRef = 8C19F51C2A58059E008EC83D /* CameraSelectionViewModel.swift */; };
		8C19F5242A5843DF008EC83D /* SelectableCameraViewModel.swift in Sources */ = {isa = PBXBuildFile; fileRef = 8C19F51E2A5808A5008EC83D /* SelectableCameraViewModel.swift */; };
		8C19F5282A599D97008EC83D /* CaptureManager.swift in Sources */ = {isa = PBXBuildFile; fileRef = 8C19F5272A599D97008EC83D /* CaptureManager.swift */; };
		8C19F52B2A59C14D008EC83D /* PhotoCaptureCoordinator.swift in Sources */ = {isa = PBXBuildFile; fileRef = 8C19F52A2A59C14D008EC83D /* PhotoCaptureCoordinator.swift */; };
		8C19F52D2A59D18A008EC83D /* PhotoSettingsProvider.swift in Sources */ = {isa = PBXBuildFile; fileRef = 8C19F52C2A59D18A008EC83D /* PhotoSettingsProvider.swift */; };
		8C19F5302A59D2CE008EC83D /* Camera.swift in Sources */ = {isa = PBXBuildFile; fileRef = 8C19F52F2A59D2CE008EC83D /* Camera.swift */; };
		8C19F5322A59D37B008EC83D /* CaptureDevice.swift in Sources */ = {isa = PBXBuildFile; fileRef = 8C19F5312A59D37B008EC83D /* CaptureDevice.swift */; };
		8C19F5342A59D402008EC83D /* CaptureDeviceFormat.swift in Sources */ = {isa = PBXBuildFile; fileRef = 8C19F5332A59D402008EC83D /* CaptureDeviceFormat.swift */; };
		8C1A5C86252203D800D92F3C /* CameraErrorView.swift in Sources */ = {isa = PBXBuildFile; fileRef = 8C1A5C85252203D800D92F3C /* CameraErrorView.swift */; };
		8C1C8766252F50DE00001B14 /* WidgetViewModelTests.swift in Sources */ = {isa = PBXBuildFile; fileRef = 8C1C8765252F50DE00001B14 /* WidgetViewModelTests.swift */; };
		8C1C876E252F58A100001B14 /* PreviewViewModelTests.swift in Sources */ = {isa = PBXBuildFile; fileRef = 8C1C876D252F58A100001B14 /* PreviewViewModelTests.swift */; };
		8C1C8777252F5C3B00001B14 /* ViewConversion.swift in Sources */ = {isa = PBXBuildFile; fileRef = 8C1C8776252F5C3B00001B14 /* ViewConversion.swift */; };
		8C3E35B62529D4AD00D5E971 /* ShutterButtonView.swift in Sources */ = {isa = PBXBuildFile; fileRef = 8C3E35B52529D4AD00D5E971 /* ShutterButtonView.swift */; };
		8C3E35BB2529DB7900D5E971 /* ShutterButtonViewModel.swift in Sources */ = {isa = PBXBuildFile; fileRef = 8C3E35BA2529DB7900D5E971 /* ShutterButtonViewModel.swift */; };
		8C3E35C02529E6C400D5E971 /* PhotoCaptureIntermediary.swift in Sources */ = {isa = PBXBuildFile; fileRef = 8C3E35BF2529E6C400D5E971 /* PhotoCaptureIntermediary.swift */; };
		8C4172472A49C07E00860F71 /* CameraErrorViewModel.swift in Sources */ = {isa = PBXBuildFile; fileRef = 8C4172462A49C07E00860F71 /* CameraErrorViewModel.swift */; };
		8C4172482A49C08B00860F71 /* CameraErrorViewModel.swift in Sources */ = {isa = PBXBuildFile; fileRef = 8C4172462A49C07E00860F71 /* CameraErrorViewModel.swift */; };
		8C464366253208A400889AC3 /* CameraPermissionUITests.swift in Sources */ = {isa = PBXBuildFile; fileRef = 8C464365253208A400889AC3 /* CameraPermissionUITests.swift */; };
		8C46436E25320C1F00889AC3 /* BundlePlistValues.swift in Sources */ = {isa = PBXBuildFile; fileRef = 8C46436D25320C1F00889AC3 /* BundlePlistValues.swift */; };
		8C4643912533347500889AC3 /* ShutterButtonUITests.swift in Sources */ = {isa = PBXBuildFile; fileRef = 8C4643902533347500889AC3 /* ShutterButtonUITests.swift */; };
		8C4643962533374500889AC3 /* ReticleUITests.swift in Sources */ = {isa = PBXBuildFile; fileRef = 8C4643952533374500889AC3 /* ReticleUITests.swift */; };
		8C4E6941253B328400ED1B29 /* MockCaptureDeviceInput.swift in Sources */ = {isa = PBXBuildFile; fileRef = 8C4E6940253B328400ED1B29 /* MockCaptureDeviceInput.swift */; };
		8C4E6947253B32F500ED1B29 /* SessionManagerTests.swift in Sources */ = {isa = PBXBuildFile; fileRef = 8C4E6946253B32F500ED1B29 /* SessionManagerTests.swift */; };
		8C59B3FB25445DC9005D280B /* ExposureBiasViewModel.swift in Sources */ = {isa = PBXBuildFile; fileRef = 8C59B3FA25445DC9005D280B /* ExposureBiasViewModel.swift */; };
		8C61631B2A5708240036958A /* CameraSelectionModel.swift in Sources */ = {isa = PBXBuildFile; fileRef = 8C61631A2A5708240036958A /* CameraSelectionModel.swift */; };
		8C61631D2A5708AE0036958A /* AvailableCamerasViewModel.swift in Sources */ = {isa = PBXBuildFile; fileRef = 8C61631C2A5708AE0036958A /* AvailableCamerasViewModel.swift */; };
		8C61631F2A5716FD0036958A /* MockConfigurationFactory.swift in Sources */ = {isa = PBXBuildFile; fileRef = 8C61631E2A5716FD0036958A /* MockConfigurationFactory.swift */; };
		8C6163202A57184F0036958A /* CameraSelectionModel.swift in Sources */ = {isa = PBXBuildFile; fileRef = 8C61631A2A5708240036958A /* CameraSelectionModel.swift */; };
		8C61C49B2539A7560093E78A /* ViewInspector in Frameworks */ = {isa = PBXBuildFile; productRef = 8C61C49A2539A7560093E78A /* ViewInspector */; };
		8C61C4A12539A9240093E78A /* ShutterButtonViewTests.swift in Sources */ = {isa = PBXBuildFile; fileRef = 8C61C4A02539A9240093E78A /* ShutterButtonViewTests.swift */; };
		8C62FEA5252B8B8B007459C9 /* SimulatorPreview.swift in Sources */ = {isa = PBXBuildFile; fileRef = 8C62FEA4252B8B8B007459C9 /* SimulatorPreview.swift */; };
		8C6728AB251E10610066A836 /* MockCaptureSession.swift in Sources */ = {isa = PBXBuildFile; fileRef = 8C6728A6251E10600066A836 /* MockCaptureSession.swift */; };
		8C6728AC251E10610066A836 /* MockCaptureDevice.swift in Sources */ = {isa = PBXBuildFile; fileRef = 8C6728A7251E10600066A836 /* MockCaptureDevice.swift */; };
		8C6728C0251E14180066A836 /* PreviewUIView.swift in Sources */ = {isa = PBXBuildFile; fileRef = 8C6728BF251E14180066A836 /* PreviewUIView.swift */; };
		8C68B18025301AF80040AC9A /* OrientationTests.swift in Sources */ = {isa = PBXBuildFile; fileRef = 8C68B17F25301AF80040AC9A /* OrientationTests.swift */; };
		8C6A92742528AACB0069ADE0 /* PreviewView.swift in Sources */ = {isa = PBXBuildFile; fileRef = 8C6A92732528AACB0069ADE0 /* PreviewView.swift */; };
		8C7B43612A40816900CE2C9C /* MoccaApp.swift in Sources */ = {isa = PBXBuildFile; fileRef = 8C7EF02F251CEAB500CF9CFE /* MoccaApp.swift */; };
		8C7B43622A40816900CE2C9C /* PreviewViewController.swift in Sources */ = {isa = PBXBuildFile; fileRef = 8C6728C8251E16F50066A836 /* PreviewViewController.swift */; };
		8C7B43632A40816900CE2C9C /* Orientation.swift in Sources */ = {isa = PBXBuildFile; fileRef = 8CCE88B325248F070086AF83 /* Orientation.swift */; };
		8C7B43652A40816900CE2C9C /* WidgetView.swift in Sources */ = {isa = PBXBuildFile; fileRef = 8CDEB03C2520BE180010DCCB /* WidgetView.swift */; };
		8C7B43662A40816900CE2C9C /* PreviewUIView.swift in Sources */ = {isa = PBXBuildFile; fileRef = 8C6728BF251E14180066A836 /* PreviewUIView.swift */; };
		8C7B43682A40816900CE2C9C /* CameraOperation.swift in Sources */ = {isa = PBXBuildFile; fileRef = 8C1180CD253EFE7F004ED0B0 /* CameraOperation.swift */; };
		8C7B43692A40816900CE2C9C /* ContentView.swift in Sources */ = {isa = PBXBuildFile; fileRef = 8C7EF031251CEAB500CF9CFE /* ContentView.swift */; };
		8C7B436A2A40816900CE2C9C /* SampleBufferIntermediary.swift in Sources */ = {isa = PBXBuildFile; fileRef = 8CE53EC629956F2000DE5B6F /* SampleBufferIntermediary.swift */; };
		8C7B436C2A40816900CE2C9C /* System.swift in Sources */ = {isa = PBXBuildFile; fileRef = 8CA9F412252DDB7200730F4C /* System.swift */; };
		8C7B436D2A40816900CE2C9C /* CameraSetting.swift in Sources */ = {isa = PBXBuildFile; fileRef = 8CDEB0202520A5110010DCCB /* CameraSetting.swift */; };
		8C7B436E2A40816900CE2C9C /* ShutterButtonView.swift in Sources */ = {isa = PBXBuildFile; fileRef = 8C3E35B52529D4AD00D5E971 /* ShutterButtonView.swift */; };
		8C7B436F2A40816900CE2C9C /* WidgetViewModel.swift in Sources */ = {isa = PBXBuildFile; fileRef = 8CDE03DA25262BDF0083F736 /* WidgetViewModel.swift */; };
		8C7B43702A40816900CE2C9C /* FocusSetting.swift in Sources */ = {isa = PBXBuildFile; fileRef = 8CDEB0492520C9E00010DCCB /* FocusSetting.swift */; };
		8C7B43712A40816900CE2C9C /* ExposureBiasViewModel.swift in Sources */ = {isa = PBXBuildFile; fileRef = 8C59B3FA25445DC9005D280B /* ExposureBiasViewModel.swift */; };
		8C7B43722A40816900CE2C9C /* DeviceResources.swift in Sources */ = {isa = PBXBuildFile; fileRef = 8C118109253F3B2A004ED0B0 /* DeviceResources.swift */; };
		8C7B43732A40816900CE2C9C /* CaptureUtils.swift in Sources */ = {isa = PBXBuildFile; fileRef = 8CC3C449251DFD2F00CC4698 /* CaptureUtils.swift */; };
		8C7B43742A40816900CE2C9C /* SessionManager.swift in Sources */ = {isa = PBXBuildFile; fileRef = 8CC3C448251DFD2F00CC4698 /* SessionManager.swift */; };
		8C7B43752A40816900CE2C9C /* PreviewView.swift in Sources */ = {isa = PBXBuildFile; fileRef = 8C6A92732528AACB0069ADE0 /* PreviewView.swift */; };
		8C7B43762A40816900CE2C9C /* HistogramViewModel.swift in Sources */ = {isa = PBXBuildFile; fileRef = 8C11812425405162004ED0B0 /* HistogramViewModel.swift */; };
		8C7B43772A40816900CE2C9C /* HistogramView.swift in Sources */ = {isa = PBXBuildFile; fileRef = 8C118129254052AD004ED0B0 /* HistogramView.swift */; };
		8C7B43782A40816900CE2C9C /* SimulatorPreview.swift in Sources */ = {isa = PBXBuildFile; fileRef = 8C62FEA4252B8B8B007459C9 /* SimulatorPreview.swift */; };
		8C7B43792A40816900CE2C9C /* PreviewViewModel.swift in Sources */ = {isa = PBXBuildFile; fileRef = 8CDE0403252756560083F736 /* PreviewViewModel.swift */; };
		8C7B437A2A40816900CE2C9C /* HistogramGenerator.swift in Sources */ = {isa = PBXBuildFile; fileRef = 8C11811F254021E8004ED0B0 /* HistogramGenerator.swift */; };
		8C7B437C2A40816900CE2C9C /* AVCaptureDevice+CaptureDevice.swift in Sources */ = {isa = PBXBuildFile; fileRef = 8C12BD0329989725008C181D /* AVCaptureDevice+CaptureDevice.swift */; };
		8C7B437D2A40816900CE2C9C /* CameraOperationContract.swift in Sources */ = {isa = PBXBuildFile; fileRef = 8C1180C8253EFE2A004ED0B0 /* CameraOperationContract.swift */; };
		8C7B437E2A40816900CE2C9C /* CameraErrorView.swift in Sources */ = {isa = PBXBuildFile; fileRef = 8C1A5C85252203D800D92F3C /* CameraErrorView.swift */; };
		8C7B437F2A40816900CE2C9C /* ViewConversion.swift in Sources */ = {isa = PBXBuildFile; fileRef = 8C1C8776252F5C3B00001B14 /* ViewConversion.swift */; };
		8C7B43802A40816900CE2C9C /* Delegates+DependencyInversion.swift in Sources */ = {isa = PBXBuildFile; fileRef = 8CC3C44A251DFD2F00CC4698 /* Delegates+DependencyInversion.swift */; };
		8C7B43812A40816900CE2C9C /* PhotoCaptureIntermediary.swift in Sources */ = {isa = PBXBuildFile; fileRef = 8C3E35BF2529E6C400D5E971 /* PhotoCaptureIntermediary.swift */; };
		8C7B43822A40816900CE2C9C /* ShutterButtonViewModel.swift in Sources */ = {isa = PBXBuildFile; fileRef = 8C3E35BA2529DB7900D5E971 /* ShutterButtonViewModel.swift */; };
		8C7EF030251CEAB500CF9CFE /* MoccaApp.swift in Sources */ = {isa = PBXBuildFile; fileRef = 8C7EF02F251CEAB500CF9CFE /* MoccaApp.swift */; };
		8C7EF032251CEAB500CF9CFE /* ContentView.swift in Sources */ = {isa = PBXBuildFile; fileRef = 8C7EF031251CEAB500CF9CFE /* ContentView.swift */; };
		8C7EF034251CEAB700CF9CFE /* Assets.xcassets in Resources */ = {isa = PBXBuildFile; fileRef = 8C7EF033251CEAB700CF9CFE /* Assets.xcassets */; };
		8C7EF037251CEAB700CF9CFE /* Preview Assets.xcassets in Resources */ = {isa = PBXBuildFile; fileRef = 8C7EF036251CEAB700CF9CFE /* Preview Assets.xcassets */; };
		8C869BE22A50A671001F3501 /* MockHistogram.swift in Sources */ = {isa = PBXBuildFile; fileRef = 8C869BE12A50A671001F3501 /* MockHistogram.swift */; };
		8CA9F413252DDB7200730F4C /* System.swift in Sources */ = {isa = PBXBuildFile; fileRef = 8CA9F412252DDB7200730F4C /* System.swift */; };
		8CBEB527252B2F9800D6525F /* MockPhotoLibrary.swift in Sources */ = {isa = PBXBuildFile; fileRef = 8CBEB526252B2F9800D6525F /* MockPhotoLibrary.swift */; };
		8CC3C44B251DFD2F00CC4698 /* SessionManager.swift in Sources */ = {isa = PBXBuildFile; fileRef = 8CC3C448251DFD2F00CC4698 /* SessionManager.swift */; };
		8CC3C44C251DFD2F00CC4698 /* CaptureUtils.swift in Sources */ = {isa = PBXBuildFile; fileRef = 8CC3C449251DFD2F00CC4698 /* CaptureUtils.swift */; };
		8CC3C44D251DFD2F00CC4698 /* Delegates+DependencyInversion.swift in Sources */ = {isa = PBXBuildFile; fileRef = 8CC3C44A251DFD2F00CC4698 /* Delegates+DependencyInversion.swift */; };
		8CCE88A925247D450086AF83 /* PreviewViewController.swift in Sources */ = {isa = PBXBuildFile; fileRef = 8C6728C8251E16F50066A836 /* PreviewViewController.swift */; };
		8CCE88B425248F070086AF83 /* Orientation.swift in Sources */ = {isa = PBXBuildFile; fileRef = 8CCE88B325248F070086AF83 /* Orientation.swift */; };
		8CD793C9252A22F00071F3F6 /* ShutterButtonViewModelTests.swift in Sources */ = {isa = PBXBuildFile; fileRef = 8CD793C8252A22F00071F3F6 /* ShutterButtonViewModelTests.swift */; };
		8CDE03DB25262BDF0083F736 /* WidgetViewModel.swift in Sources */ = {isa = PBXBuildFile; fileRef = 8CDE03DA25262BDF0083F736 /* WidgetViewModel.swift */; };
		8CDE0404252756560083F736 /* PreviewViewModel.swift in Sources */ = {isa = PBXBuildFile; fileRef = 8CDE0403252756560083F736 /* PreviewViewModel.swift */; };
		8CDEB0212520A5110010DCCB /* CameraSetting.swift in Sources */ = {isa = PBXBuildFile; fileRef = 8CDEB0202520A5110010DCCB /* CameraSetting.swift */; };
		8CDEB03D2520BE180010DCCB /* WidgetView.swift in Sources */ = {isa = PBXBuildFile; fileRef = 8CDEB03C2520BE180010DCCB /* WidgetView.swift */; };
		8CDEB04A2520C9E00010DCCB /* FocusSetting.swift in Sources */ = {isa = PBXBuildFile; fileRef = 8CDEB0492520C9E00010DCCB /* FocusSetting.swift */; };
		8CE07E43252B457100702E14 /* MockSessionManager.swift in Sources */ = {isa = PBXBuildFile; fileRef = 8CE07E42252B457100702E14 /* MockSessionManager.swift */; };
		8CE53EBE2993F06A00DE5B6F /* HistogramGeneratorTests.swift in Sources */ = {isa = PBXBuildFile; fileRef = 8CE53EBD2993F06A00DE5B6F /* HistogramGeneratorTests.swift */; };
		8CE53EC22995559000DE5B6F /* ViewConversionTests.swift in Sources */ = {isa = PBXBuildFile; fileRef = 8CE53EC12995559000DE5B6F /* ViewConversionTests.swift */; };
		8CE53EC4299562FE00DE5B6F /* HistogramViewModelTests.swift in Sources */ = {isa = PBXBuildFile; fileRef = 8CE53EC3299562FE00DE5B6F /* HistogramViewModelTests.swift */; };
		8CE53EC729956F2000DE5B6F /* SampleBufferIntermediary.swift in Sources */ = {isa = PBXBuildFile; fileRef = 8CE53EC629956F2000DE5B6F /* SampleBufferIntermediary.swift */; };
		8CE53EC929957F8200DE5B6F /* MockCameraOperation.swift in Sources */ = {isa = PBXBuildFile; fileRef = 8CE53EC829957F8200DE5B6F /* MockCameraOperation.swift */; };
		8CE53ECB29957FA800DE5B6F /* ExposureBiasViewModelTests.swift in Sources */ = {isa = PBXBuildFile; fileRef = 8CE53ECA29957FA800DE5B6F /* ExposureBiasViewModelTests.swift */; };
		8CE53F2B2996AF4D00DE5B6F /* CaptureUtilsTests.swift in Sources */ = {isa = PBXBuildFile; fileRef = 8CE53F2A2996AF4D00DE5B6F /* CaptureUtilsTests.swift */; };
		8CE711082A4DE34600560FFF /* MockVideoOutput.swift in Sources */ = {isa = PBXBuildFile; fileRef = 8CE711072A4DE34600560FFF /* MockVideoOutput.swift */; };
		8CE7110A2A4EEC1900560FFF /* DeviceResourcesTests.swift in Sources */ = {isa = PBXBuildFile; fileRef = 8CE711092A4EEC1900560FFF /* DeviceResourcesTests.swift */; };
		8CE9004E2A4B13ED00815F95 /* ConfigurationFactory.swift in Sources */ = {isa = PBXBuildFile; fileRef = 8CE9004D2A4B13ED00815F95 /* ConfigurationFactory.swift */; };
		8CE900542A4D99AF00815F95 /* DevicePhotoLibrary.swift in Sources */ = {isa = PBXBuildFile; fileRef = 8CE900532A4D99AF00815F95 /* DevicePhotoLibrary.swift */; };
		8CE900562A4DB69100815F95 /* AVCaptureVideoPreviewLayer+DependencyInversion.swift in Sources */ = {isa = PBXBuildFile; fileRef = 8CE900552A4DB69100815F95 /* AVCaptureVideoPreviewLayer+DependencyInversion.swift */; };
		8CE900582A4DB6C300815F95 /* AVCapturePhotoSettings+DependencyInversion.swift in Sources */ = {isa = PBXBuildFile; fileRef = 8CE900572A4DB6C300815F95 /* AVCapturePhotoSettings+DependencyInversion.swift */; };
		8CE9005A2A4DB6E400815F95 /* AVCaptureConnection+CaptureConnection.swift in Sources */ = {isa = PBXBuildFile; fileRef = 8CE900592A4DB6E400815F95 /* AVCaptureConnection+CaptureConnection.swift */; };
		8CE9005C2A4DB6FF00815F95 /* AVCapturePhotoOutput+DependencyInversion.swift in Sources */ = {isa = PBXBuildFile; fileRef = 8CE9005B2A4DB6FF00815F95 /* AVCapturePhotoOutput+DependencyInversion.swift */; };
		8CE9005E2A4DB73100815F95 /* AVCaptureVideoDataOutput+DependencyInversion.swift in Sources */ = {isa = PBXBuildFile; fileRef = 8CE9005D2A4DB73100815F95 /* AVCaptureVideoDataOutput+DependencyInversion.swift */; };
		8CE900602A4DB7EB00815F95 /* AVCaptureSession+DependencyInversion.swift in Sources */ = {isa = PBXBuildFile; fileRef = 8CE9005F2A4DB7EB00815F95 /* AVCaptureSession+DependencyInversion.swift */; };
		8CE900622A4DB87100815F95 /* CMFormatDescription+DependencyInversion.swift in Sources */ = {isa = PBXBuildFile; fileRef = 8CE900612A4DB87100815F95 /* CMFormatDescription+DependencyInversion.swift */; };
		8CE900642A4DBC0800815F95 /* AVCaptureDeviceFormat+DependencyInversion.swift in Sources */ = {isa = PBXBuildFile; fileRef = 8CE900632A4DBC0800815F95 /* AVCaptureDeviceFormat+DependencyInversion.swift */; };
		8CE900682A4DC05400815F95 /* AVCaptureInput+DependencyInversion.swift in Sources */ = {isa = PBXBuildFile; fileRef = 8CE900672A4DC05400815F95 /* AVCaptureInput+DependencyInversion.swift */; };
		8CE9006A2A4DC0BA00815F95 /* AVCapturePhoto+DependencyInversion.swift in Sources */ = {isa = PBXBuildFile; fileRef = 8CE900692A4DC0BA00815F95 /* AVCapturePhoto+DependencyInversion.swift */; };
		8CE9006C2A4DC27900815F95 /* CMSampleBuffer+DependencyInversion.swift in Sources */ = {isa = PBXBuildFile; fileRef = 8CE9006B2A4DC27900815F95 /* CMSampleBuffer+DependencyInversion.swift */; };
		8CE9006D2A4DC3B400815F95 /* AVCapturePhotoOutput+DependencyInversion.swift in Sources */ = {isa = PBXBuildFile; fileRef = 8CE9005B2A4DB6FF00815F95 /* AVCapturePhotoOutput+DependencyInversion.swift */; };
		8CE9006E2A4DC3B400815F95 /* DevicePhotoLibrary.swift in Sources */ = {isa = PBXBuildFile; fileRef = 8CE900532A4D99AF00815F95 /* DevicePhotoLibrary.swift */; };
		8CE9006F2A4DC3B400815F95 /* AVCaptureConnection+CaptureConnection.swift in Sources */ = {isa = PBXBuildFile; fileRef = 8CE900592A4DB6E400815F95 /* AVCaptureConnection+CaptureConnection.swift */; };
		8CE900702A4DC3B400815F95 /* CMSampleBuffer+DependencyInversion.swift in Sources */ = {isa = PBXBuildFile; fileRef = 8CE9006B2A4DC27900815F95 /* CMSampleBuffer+DependencyInversion.swift */; };
		8CE900712A4DC3B400815F95 /* CMFormatDescription+DependencyInversion.swift in Sources */ = {isa = PBXBuildFile; fileRef = 8CE900612A4DB87100815F95 /* CMFormatDescription+DependencyInversion.swift */; };
		8CE900722A4DC3B400815F95 /* AVCaptureDeviceFormat+DependencyInversion.swift in Sources */ = {isa = PBXBuildFile; fileRef = 8CE900632A4DBC0800815F95 /* AVCaptureDeviceFormat+DependencyInversion.swift */; };
		8CE900732A4DC3B400815F95 /* AVCapturePhotoSettings+DependencyInversion.swift in Sources */ = {isa = PBXBuildFile; fileRef = 8CE900572A4DB6C300815F95 /* AVCapturePhotoSettings+DependencyInversion.swift */; };
		8CE900742A4DC3B400815F95 /* AVCapturePhoto+DependencyInversion.swift in Sources */ = {isa = PBXBuildFile; fileRef = 8CE900692A4DC0BA00815F95 /* AVCapturePhoto+DependencyInversion.swift */; };
		8CE900752A4DC3B400815F95 /* ConfigurationFactory.swift in Sources */ = {isa = PBXBuildFile; fileRef = 8CE9004D2A4B13ED00815F95 /* ConfigurationFactory.swift */; };
		8CE900762A4DC3B400815F95 /* AVCaptureSession+DependencyInversion.swift in Sources */ = {isa = PBXBuildFile; fileRef = 8CE9005F2A4DB7EB00815F95 /* AVCaptureSession+DependencyInversion.swift */; };
		8CE900772A4DC3B400815F95 /* AVCaptureInput+DependencyInversion.swift in Sources */ = {isa = PBXBuildFile; fileRef = 8CE900672A4DC05400815F95 /* AVCaptureInput+DependencyInversion.swift */; };
		8CE900782A4DC3B400815F95 /* AVCaptureVideoDataOutput+DependencyInversion.swift in Sources */ = {isa = PBXBuildFile; fileRef = 8CE9005D2A4DB73100815F95 /* AVCaptureVideoDataOutput+DependencyInversion.swift */; };
		8CE900792A4DC3B400815F95 /* AVCaptureVideoPreviewLayer+DependencyInversion.swift in Sources */ = {isa = PBXBuildFile; fileRef = 8CE900552A4DB69100815F95 /* AVCaptureVideoPreviewLayer+DependencyInversion.swift */; };
		8CE9007D2A4DD5D100815F95 /* MockCapturePhotoOutput.swift in Sources */ = {isa = PBXBuildFile; fileRef = 8CE9007C2A4DD5D100815F95 /* MockCapturePhotoOutput.swift */; };
		8CF4C41D2A4F0B8D0054E8B4 /* FocusSettingTests.swift in Sources */ = {isa = PBXBuildFile; fileRef = 8CF4C41C2A4F0B8D0054E8B4 /* FocusSettingTests.swift */; };
		8CF4C41F2A4F0E290054E8B4 /* AVCaptureDeviceInput+DependencyInversion.swift in Sources */ = {isa = PBXBuildFile; fileRef = 8CF4C41E2A4F0E290054E8B4 /* AVCaptureDeviceInput+DependencyInversion.swift */; };
		8CF4C4212A4F1B1C0054E8B4 /* AVCaptureSessionPreset+DependencyInversion.swift in Sources */ = {isa = PBXBuildFile; fileRef = 8CF4C4202A4F1B1C0054E8B4 /* AVCaptureSessionPreset+DependencyInversion.swift */; };
		8CF4C4242A4F1D770054E8B4 /* ConfigurationFactoryTests.swift in Sources */ = {isa = PBXBuildFile; fileRef = 8CF4C4232A4F1D770054E8B4 /* ConfigurationFactoryTests.swift */; };
		8CF4C4262A4F23560054E8B4 /* MockPhotoSettings.swift in Sources */ = {isa = PBXBuildFile; fileRef = 8CF4C4252A4F23560054E8B4 /* MockPhotoSettings.swift */; };
		8CF4C4282A4F2CF00054E8B4 /* CameraErrorViewModeTests.swift in Sources */ = {isa = PBXBuildFile; fileRef = 8CF4C4272A4F2CF00054E8B4 /* CameraErrorViewModeTests.swift */; };
/* End PBXBuildFile section */

/* Begin PBXContainerItemProxy section */
		8C7EF03E251CEAB700CF9CFE /* PBXContainerItemProxy */ = {
			isa = PBXContainerItemProxy;
			containerPortal = 8C7EF024251CEAB500CF9CFE /* Project object */;
			proxyType = 1;
			remoteGlobalIDString = 8C7EF02B251CEAB500CF9CFE;
			remoteInfo = Mocca;
		};
		8C7EF049251CEAB700CF9CFE /* PBXContainerItemProxy */ = {
			isa = PBXContainerItemProxy;
			containerPortal = 8C7EF024251CEAB500CF9CFE /* Project object */;
			proxyType = 1;
			remoteGlobalIDString = 8C7EF02B251CEAB500CF9CFE;
			remoteInfo = Mocca;
		};
/* End PBXContainerItemProxy section */

/* Begin PBXFileReference section */
		8C0EF88D2A506E560012CFBB /* PreviewUIViewModel.swift */ = {isa = PBXFileReference; lastKnownFileType = sourcecode.swift; path = PreviewUIViewModel.swift; sourceTree = "<group>"; };
		8C0EF88F2A506F770012CFBB /* PreviewUIViewModelTests.swift */ = {isa = PBXFileReference; lastKnownFileType = sourcecode.swift; path = PreviewUIViewModelTests.swift; sourceTree = "<group>"; };
		8C0EF8922A507CA90012CFBB /* MockUIViewControllerTransitionCoordinator.swift */ = {isa = PBXFileReference; lastKnownFileType = sourcecode.swift; path = MockUIViewControllerTransitionCoordinator.swift; sourceTree = "<group>"; };
		8C0EF8942A507DEE0012CFBB /* PreviewViewControllerTests.swift */ = {isa = PBXFileReference; lastKnownFileType = sourcecode.swift; path = PreviewViewControllerTests.swift; sourceTree = "<group>"; };
		8C0EF8962A5080220012CFBB /* PreviewViewControllerViewModel.swift */ = {isa = PBXFileReference; lastKnownFileType = sourcecode.swift; path = PreviewViewControllerViewModel.swift; sourceTree = "<group>"; };
		8C0EF8982A5086440012CFBB /* MockPreviewViewControllerViewModel.swift */ = {isa = PBXFileReference; lastKnownFileType = sourcecode.swift; path = MockPreviewViewControllerViewModel.swift; sourceTree = "<group>"; };
		8C1180C8253EFE2A004ED0B0 /* CameraOperationContract.swift */ = {isa = PBXFileReference; lastKnownFileType = sourcecode.swift; path = CameraOperationContract.swift; sourceTree = "<group>"; };
		8C1180CD253EFE7F004ED0B0 /* CameraOperation.swift */ = {isa = PBXFileReference; lastKnownFileType = sourcecode.swift; path = CameraOperation.swift; sourceTree = "<group>"; };
		8C1180D2253F17C9004ED0B0 /* MockCaptureVideoPreviewLayer.swift */ = {isa = PBXFileReference; lastKnownFileType = sourcecode.swift; path = MockCaptureVideoPreviewLayer.swift; sourceTree = "<group>"; };
		8C1180E6253F2032004ED0B0 /* CameraOperationTests.swift */ = {isa = PBXFileReference; lastKnownFileType = sourcecode.swift; path = CameraOperationTests.swift; sourceTree = "<group>"; };
		8C1180F8253F2A0E004ED0B0 /* MockCaptureUtils.swift */ = {isa = PBXFileReference; lastKnownFileType = sourcecode.swift; path = MockCaptureUtils.swift; sourceTree = "<group>"; };
		8C118109253F3B2A004ED0B0 /* DeviceResources.swift */ = {isa = PBXFileReference; lastKnownFileType = sourcecode.swift; path = DeviceResources.swift; sourceTree = "<group>"; };
		8C11810E253F6CE3004ED0B0 /* MockResources.swift */ = {isa = PBXFileReference; lastKnownFileType = sourcecode.swift; path = MockResources.swift; sourceTree = "<group>"; };
		8C11811F254021E8004ED0B0 /* HistogramGenerator.swift */ = {isa = PBXFileReference; lastKnownFileType = sourcecode.swift; path = HistogramGenerator.swift; sourceTree = "<group>"; };
		8C11812425405162004ED0B0 /* HistogramViewModel.swift */ = {isa = PBXFileReference; lastKnownFileType = sourcecode.swift; path = HistogramViewModel.swift; sourceTree = "<group>"; };
		8C118129254052AD004ED0B0 /* HistogramView.swift */ = {isa = PBXFileReference; lastKnownFileType = sourcecode.swift; path = HistogramView.swift; sourceTree = "<group>"; };
		8C12BD0129985FEB008C181D /* MockPhotoTaker.swift */ = {isa = PBXFileReference; lastKnownFileType = sourcecode.swift; path = MockPhotoTaker.swift; sourceTree = "<group>"; };
		8C12BD0329989725008C181D /* AVCaptureDevice+CaptureDevice.swift */ = {isa = PBXFileReference; lastKnownFileType = sourcecode.swift; path = "AVCaptureDevice+CaptureDevice.swift"; sourceTree = "<group>"; };
		8C19F51C2A58059E008EC83D /* CameraSelectionViewModel.swift */ = {isa = PBXFileReference; lastKnownFileType = sourcecode.swift; path = CameraSelectionViewModel.swift; sourceTree = "<group>"; };
		8C19F51E2A5808A5008EC83D /* SelectableCameraViewModel.swift */ = {isa = PBXFileReference; lastKnownFileType = sourcecode.swift; path = SelectableCameraViewModel.swift; sourceTree = "<group>"; };
		8C19F5202A581DEB008EC83D /* CameraSelectionView.swift */ = {isa = PBXFileReference; lastKnownFileType = sourcecode.swift; path = CameraSelectionView.swift; sourceTree = "<group>"; };
		8C19F5272A599D97008EC83D /* CaptureManager.swift */ = {isa = PBXFileReference; lastKnownFileType = sourcecode.swift; path = CaptureManager.swift; sourceTree = "<group>"; };
		8C19F52A2A59C14D008EC83D /* PhotoCaptureCoordinator.swift */ = {isa = PBXFileReference; lastKnownFileType = sourcecode.swift; path = PhotoCaptureCoordinator.swift; sourceTree = "<group>"; };
		8C19F52C2A59D18A008EC83D /* PhotoSettingsProvider.swift */ = {isa = PBXFileReference; lastKnownFileType = sourcecode.swift; path = PhotoSettingsProvider.swift; sourceTree = "<group>"; };
		8C19F52F2A59D2CE008EC83D /* Camera.swift */ = {isa = PBXFileReference; lastKnownFileType = sourcecode.swift; path = Camera.swift; sourceTree = "<group>"; };
		8C19F5312A59D37B008EC83D /* CaptureDevice.swift */ = {isa = PBXFileReference; lastKnownFileType = sourcecode.swift; path = CaptureDevice.swift; sourceTree = "<group>"; };
		8C19F5332A59D402008EC83D /* CaptureDeviceFormat.swift */ = {isa = PBXFileReference; lastKnownFileType = sourcecode.swift; path = CaptureDeviceFormat.swift; sourceTree = "<group>"; };
		8C1A5C85252203D800D92F3C /* CameraErrorView.swift */ = {isa = PBXFileReference; lastKnownFileType = sourcecode.swift; path = CameraErrorView.swift; sourceTree = "<group>"; };
		8C1C8765252F50DE00001B14 /* WidgetViewModelTests.swift */ = {isa = PBXFileReference; lastKnownFileType = sourcecode.swift; path = WidgetViewModelTests.swift; sourceTree = "<group>"; };
		8C1C876D252F58A100001B14 /* PreviewViewModelTests.swift */ = {isa = PBXFileReference; lastKnownFileType = sourcecode.swift; path = PreviewViewModelTests.swift; sourceTree = "<group>"; };
		8C1C8776252F5C3B00001B14 /* ViewConversion.swift */ = {isa = PBXFileReference; lastKnownFileType = sourcecode.swift; path = ViewConversion.swift; sourceTree = "<group>"; };
		8C3E35B52529D4AD00D5E971 /* ShutterButtonView.swift */ = {isa = PBXFileReference; lastKnownFileType = sourcecode.swift; path = ShutterButtonView.swift; sourceTree = "<group>"; };
		8C3E35BA2529DB7900D5E971 /* ShutterButtonViewModel.swift */ = {isa = PBXFileReference; lastKnownFileType = sourcecode.swift; path = ShutterButtonViewModel.swift; sourceTree = "<group>"; };
		8C3E35BF2529E6C400D5E971 /* PhotoCaptureIntermediary.swift */ = {isa = PBXFileReference; lastKnownFileType = sourcecode.swift; path = PhotoCaptureIntermediary.swift; sourceTree = "<group>"; };
		8C4172462A49C07E00860F71 /* CameraErrorViewModel.swift */ = {isa = PBXFileReference; lastKnownFileType = sourcecode.swift; path = CameraErrorViewModel.swift; sourceTree = "<group>"; };
		8C464365253208A400889AC3 /* CameraPermissionUITests.swift */ = {isa = PBXFileReference; lastKnownFileType = sourcecode.swift; path = CameraPermissionUITests.swift; sourceTree = "<group>"; };
		8C46436D25320C1F00889AC3 /* BundlePlistValues.swift */ = {isa = PBXFileReference; lastKnownFileType = sourcecode.swift; path = BundlePlistValues.swift; sourceTree = "<group>"; };
		8C4643902533347500889AC3 /* ShutterButtonUITests.swift */ = {isa = PBXFileReference; lastKnownFileType = sourcecode.swift; path = ShutterButtonUITests.swift; sourceTree = "<group>"; };
		8C4643952533374500889AC3 /* ReticleUITests.swift */ = {isa = PBXFileReference; lastKnownFileType = sourcecode.swift; path = ReticleUITests.swift; sourceTree = "<group>"; };
		8C4E6940253B328400ED1B29 /* MockCaptureDeviceInput.swift */ = {isa = PBXFileReference; lastKnownFileType = sourcecode.swift; path = MockCaptureDeviceInput.swift; sourceTree = "<group>"; };
		8C4E6946253B32F500ED1B29 /* SessionManagerTests.swift */ = {isa = PBXFileReference; lastKnownFileType = sourcecode.swift; path = SessionManagerTests.swift; sourceTree = "<group>"; };
		8C59B3FA25445DC9005D280B /* ExposureBiasViewModel.swift */ = {isa = PBXFileReference; lastKnownFileType = sourcecode.swift; path = ExposureBiasViewModel.swift; sourceTree = "<group>"; };
		8C61631A2A5708240036958A /* CameraSelectionModel.swift */ = {isa = PBXFileReference; lastKnownFileType = sourcecode.swift; path = CameraSelectionModel.swift; sourceTree = "<group>"; };
		8C61631C2A5708AE0036958A /* AvailableCamerasViewModel.swift */ = {isa = PBXFileReference; lastKnownFileType = sourcecode.swift; path = AvailableCamerasViewModel.swift; sourceTree = "<group>"; };
		8C61631E2A5716FD0036958A /* MockConfigurationFactory.swift */ = {isa = PBXFileReference; lastKnownFileType = sourcecode.swift; path = MockConfigurationFactory.swift; sourceTree = "<group>"; };
		8C61C4A02539A9240093E78A /* ShutterButtonViewTests.swift */ = {isa = PBXFileReference; lastKnownFileType = sourcecode.swift; path = ShutterButtonViewTests.swift; sourceTree = "<group>"; };
		8C62FEA4252B8B8B007459C9 /* SimulatorPreview.swift */ = {isa = PBXFileReference; lastKnownFileType = sourcecode.swift; path = SimulatorPreview.swift; sourceTree = "<group>"; };
		8C6728A6251E10600066A836 /* MockCaptureSession.swift */ = {isa = PBXFileReference; fileEncoding = 4; lastKnownFileType = sourcecode.swift; path = MockCaptureSession.swift; sourceTree = "<group>"; };
		8C6728A7251E10600066A836 /* MockCaptureDevice.swift */ = {isa = PBXFileReference; fileEncoding = 4; lastKnownFileType = sourcecode.swift; path = MockCaptureDevice.swift; sourceTree = "<group>"; };
		8C6728BF251E14180066A836 /* PreviewUIView.swift */ = {isa = PBXFileReference; lastKnownFileType = sourcecode.swift; path = PreviewUIView.swift; sourceTree = "<group>"; };
		8C6728C8251E16F50066A836 /* PreviewViewController.swift */ = {isa = PBXFileReference; lastKnownFileType = sourcecode.swift; path = PreviewViewController.swift; sourceTree = "<group>"; };
		8C68B17F25301AF80040AC9A /* OrientationTests.swift */ = {isa = PBXFileReference; lastKnownFileType = sourcecode.swift; path = OrientationTests.swift; sourceTree = "<group>"; };
		8C6A92732528AACB0069ADE0 /* PreviewView.swift */ = {isa = PBXFileReference; lastKnownFileType = sourcecode.swift; path = PreviewView.swift; sourceTree = "<group>"; };
		8C7EF02C251CEAB500CF9CFE /* Mocca.app */ = {isa = PBXFileReference; explicitFileType = wrapper.application; includeInIndex = 0; path = Mocca.app; sourceTree = BUILT_PRODUCTS_DIR; };
		8C7EF02F251CEAB500CF9CFE /* MoccaApp.swift */ = {isa = PBXFileReference; lastKnownFileType = sourcecode.swift; path = MoccaApp.swift; sourceTree = "<group>"; };
		8C7EF031251CEAB500CF9CFE /* ContentView.swift */ = {isa = PBXFileReference; lastKnownFileType = sourcecode.swift; path = ContentView.swift; sourceTree = "<group>"; };
		8C7EF033251CEAB700CF9CFE /* Assets.xcassets */ = {isa = PBXFileReference; lastKnownFileType = folder.assetcatalog; path = Assets.xcassets; sourceTree = "<group>"; };
		8C7EF036251CEAB700CF9CFE /* Preview Assets.xcassets */ = {isa = PBXFileReference; lastKnownFileType = folder.assetcatalog; path = "Preview Assets.xcassets"; sourceTree = "<group>"; };
		8C7EF038251CEAB700CF9CFE /* Info.plist */ = {isa = PBXFileReference; lastKnownFileType = text.plist.xml; path = Info.plist; sourceTree = "<group>"; };
		8C7EF03D251CEAB700CF9CFE /* MoccaTests.xctest */ = {isa = PBXFileReference; explicitFileType = wrapper.cfbundle; includeInIndex = 0; path = MoccaTests.xctest; sourceTree = BUILT_PRODUCTS_DIR; };
		8C7EF043251CEAB700CF9CFE /* Info.plist */ = {isa = PBXFileReference; lastKnownFileType = text.plist.xml; path = Info.plist; sourceTree = "<group>"; };
		8C7EF048251CEAB700CF9CFE /* MoccaUITests.xctest */ = {isa = PBXFileReference; explicitFileType = wrapper.cfbundle; includeInIndex = 0; path = MoccaUITests.xctest; sourceTree = BUILT_PRODUCTS_DIR; };
		8C7EF04E251CEAB700CF9CFE /* Info.plist */ = {isa = PBXFileReference; lastKnownFileType = text.plist.xml; path = Info.plist; sourceTree = "<group>"; };
		8C869BE12A50A671001F3501 /* MockHistogram.swift */ = {isa = PBXFileReference; lastKnownFileType = sourcecode.swift; path = MockHistogram.swift; sourceTree = "<group>"; };
		8CA9F412252DDB7200730F4C /* System.swift */ = {isa = PBXFileReference; lastKnownFileType = sourcecode.swift; path = System.swift; sourceTree = "<group>"; };
		8CBEB526252B2F9800D6525F /* MockPhotoLibrary.swift */ = {isa = PBXFileReference; lastKnownFileType = sourcecode.swift; path = MockPhotoLibrary.swift; sourceTree = "<group>"; };
		8CC3C448251DFD2F00CC4698 /* SessionManager.swift */ = {isa = PBXFileReference; fileEncoding = 4; lastKnownFileType = sourcecode.swift; path = SessionManager.swift; sourceTree = "<group>"; };
		8CC3C449251DFD2F00CC4698 /* CaptureUtils.swift */ = {isa = PBXFileReference; fileEncoding = 4; lastKnownFileType = sourcecode.swift; path = CaptureUtils.swift; sourceTree = "<group>"; };
		8CC3C44A251DFD2F00CC4698 /* Delegates+DependencyInversion.swift */ = {isa = PBXFileReference; fileEncoding = 4; lastKnownFileType = sourcecode.swift; path = "Delegates+DependencyInversion.swift"; sourceTree = "<group>"; };
		8CCE88B325248F070086AF83 /* Orientation.swift */ = {isa = PBXFileReference; lastKnownFileType = sourcecode.swift; path = Orientation.swift; sourceTree = "<group>"; };
		8CD793C8252A22F00071F3F6 /* ShutterButtonViewModelTests.swift */ = {isa = PBXFileReference; lastKnownFileType = sourcecode.swift; path = ShutterButtonViewModelTests.swift; sourceTree = "<group>"; };
		8CDE03DA25262BDF0083F736 /* WidgetViewModel.swift */ = {isa = PBXFileReference; lastKnownFileType = sourcecode.swift; path = WidgetViewModel.swift; sourceTree = "<group>"; };
		8CDE0403252756560083F736 /* PreviewViewModel.swift */ = {isa = PBXFileReference; lastKnownFileType = sourcecode.swift; path = PreviewViewModel.swift; sourceTree = "<group>"; };
		8CDEB0202520A5110010DCCB /* CameraSetting.swift */ = {isa = PBXFileReference; lastKnownFileType = sourcecode.swift; path = CameraSetting.swift; sourceTree = "<group>"; };
		8CDEB03C2520BE180010DCCB /* WidgetView.swift */ = {isa = PBXFileReference; lastKnownFileType = sourcecode.swift; path = WidgetView.swift; sourceTree = "<group>"; };
		8CDEB0492520C9E00010DCCB /* FocusSetting.swift */ = {isa = PBXFileReference; lastKnownFileType = sourcecode.swift; path = FocusSetting.swift; sourceTree = "<group>"; };
		8CE07E42252B457100702E14 /* MockSessionManager.swift */ = {isa = PBXFileReference; lastKnownFileType = sourcecode.swift; path = MockSessionManager.swift; sourceTree = "<group>"; };
		8CE53EBD2993F06A00DE5B6F /* HistogramGeneratorTests.swift */ = {isa = PBXFileReference; lastKnownFileType = sourcecode.swift; path = HistogramGeneratorTests.swift; sourceTree = "<group>"; };
		8CE53EC12995559000DE5B6F /* ViewConversionTests.swift */ = {isa = PBXFileReference; lastKnownFileType = sourcecode.swift; path = ViewConversionTests.swift; sourceTree = "<group>"; };
		8CE53EC3299562FE00DE5B6F /* HistogramViewModelTests.swift */ = {isa = PBXFileReference; lastKnownFileType = sourcecode.swift; path = HistogramViewModelTests.swift; sourceTree = "<group>"; };
		8CE53EC629956F2000DE5B6F /* SampleBufferIntermediary.swift */ = {isa = PBXFileReference; lastKnownFileType = sourcecode.swift; path = SampleBufferIntermediary.swift; sourceTree = "<group>"; };
		8CE53EC829957F8200DE5B6F /* MockCameraOperation.swift */ = {isa = PBXFileReference; lastKnownFileType = sourcecode.swift; path = MockCameraOperation.swift; sourceTree = "<group>"; };
		8CE53ECA29957FA800DE5B6F /* ExposureBiasViewModelTests.swift */ = {isa = PBXFileReference; lastKnownFileType = sourcecode.swift; path = ExposureBiasViewModelTests.swift; sourceTree = "<group>"; };
		8CE53F2A2996AF4D00DE5B6F /* CaptureUtilsTests.swift */ = {isa = PBXFileReference; lastKnownFileType = sourcecode.swift; path = CaptureUtilsTests.swift; sourceTree = "<group>"; };
		8CE711072A4DE34600560FFF /* MockVideoOutput.swift */ = {isa = PBXFileReference; lastKnownFileType = sourcecode.swift; path = MockVideoOutput.swift; sourceTree = "<group>"; };
		8CE711092A4EEC1900560FFF /* DeviceResourcesTests.swift */ = {isa = PBXFileReference; lastKnownFileType = sourcecode.swift; path = DeviceResourcesTests.swift; sourceTree = "<group>"; };
		8CE9004D2A4B13ED00815F95 /* ConfigurationFactory.swift */ = {isa = PBXFileReference; lastKnownFileType = sourcecode.swift; path = ConfigurationFactory.swift; sourceTree = "<group>"; };
		8CE900532A4D99AF00815F95 /* DevicePhotoLibrary.swift */ = {isa = PBXFileReference; lastKnownFileType = sourcecode.swift; path = DevicePhotoLibrary.swift; sourceTree = "<group>"; };
		8CE900552A4DB69100815F95 /* AVCaptureVideoPreviewLayer+DependencyInversion.swift */ = {isa = PBXFileReference; lastKnownFileType = sourcecode.swift; path = "AVCaptureVideoPreviewLayer+DependencyInversion.swift"; sourceTree = "<group>"; };
		8CE900572A4DB6C300815F95 /* AVCapturePhotoSettings+DependencyInversion.swift */ = {isa = PBXFileReference; lastKnownFileType = sourcecode.swift; path = "AVCapturePhotoSettings+DependencyInversion.swift"; sourceTree = "<group>"; };
		8CE900592A4DB6E400815F95 /* AVCaptureConnection+CaptureConnection.swift */ = {isa = PBXFileReference; lastKnownFileType = sourcecode.swift; path = "AVCaptureConnection+CaptureConnection.swift"; sourceTree = "<group>"; };
		8CE9005B2A4DB6FF00815F95 /* AVCapturePhotoOutput+DependencyInversion.swift */ = {isa = PBXFileReference; lastKnownFileType = sourcecode.swift; path = "AVCapturePhotoOutput+DependencyInversion.swift"; sourceTree = "<group>"; };
		8CE9005D2A4DB73100815F95 /* AVCaptureVideoDataOutput+DependencyInversion.swift */ = {isa = PBXFileReference; lastKnownFileType = sourcecode.swift; path = "AVCaptureVideoDataOutput+DependencyInversion.swift"; sourceTree = "<group>"; };
		8CE9005F2A4DB7EB00815F95 /* AVCaptureSession+DependencyInversion.swift */ = {isa = PBXFileReference; lastKnownFileType = sourcecode.swift; path = "AVCaptureSession+DependencyInversion.swift"; sourceTree = "<group>"; };
		8CE900612A4DB87100815F95 /* CMFormatDescription+DependencyInversion.swift */ = {isa = PBXFileReference; lastKnownFileType = sourcecode.swift; path = "CMFormatDescription+DependencyInversion.swift"; sourceTree = "<group>"; };
		8CE900632A4DBC0800815F95 /* AVCaptureDeviceFormat+DependencyInversion.swift */ = {isa = PBXFileReference; lastKnownFileType = sourcecode.swift; path = "AVCaptureDeviceFormat+DependencyInversion.swift"; sourceTree = "<group>"; };
		8CE900672A4DC05400815F95 /* AVCaptureInput+DependencyInversion.swift */ = {isa = PBXFileReference; lastKnownFileType = sourcecode.swift; path = "AVCaptureInput+DependencyInversion.swift"; sourceTree = "<group>"; };
		8CE900692A4DC0BA00815F95 /* AVCapturePhoto+DependencyInversion.swift */ = {isa = PBXFileReference; lastKnownFileType = sourcecode.swift; path = "AVCapturePhoto+DependencyInversion.swift"; sourceTree = "<group>"; };
		8CE9006B2A4DC27900815F95 /* CMSampleBuffer+DependencyInversion.swift */ = {isa = PBXFileReference; lastKnownFileType = sourcecode.swift; path = "CMSampleBuffer+DependencyInversion.swift"; sourceTree = "<group>"; };
		8CE9007C2A4DD5D100815F95 /* MockCapturePhotoOutput.swift */ = {isa = PBXFileReference; lastKnownFileType = sourcecode.swift; path = MockCapturePhotoOutput.swift; sourceTree = "<group>"; };
		8CF4C41C2A4F0B8D0054E8B4 /* FocusSettingTests.swift */ = {isa = PBXFileReference; lastKnownFileType = sourcecode.swift; path = FocusSettingTests.swift; sourceTree = "<group>"; };
		8CF4C41E2A4F0E290054E8B4 /* AVCaptureDeviceInput+DependencyInversion.swift */ = {isa = PBXFileReference; lastKnownFileType = sourcecode.swift; path = "AVCaptureDeviceInput+DependencyInversion.swift"; sourceTree = "<group>"; };
		8CF4C4202A4F1B1C0054E8B4 /* AVCaptureSessionPreset+DependencyInversion.swift */ = {isa = PBXFileReference; lastKnownFileType = sourcecode.swift; path = "AVCaptureSessionPreset+DependencyInversion.swift"; sourceTree = "<group>"; };
		8CF4C4232A4F1D770054E8B4 /* ConfigurationFactoryTests.swift */ = {isa = PBXFileReference; lastKnownFileType = sourcecode.swift; path = ConfigurationFactoryTests.swift; sourceTree = "<group>"; };
		8CF4C4252A4F23560054E8B4 /* MockPhotoSettings.swift */ = {isa = PBXFileReference; lastKnownFileType = sourcecode.swift; path = MockPhotoSettings.swift; sourceTree = "<group>"; };
		8CF4C4272A4F2CF00054E8B4 /* CameraErrorViewModeTests.swift */ = {isa = PBXFileReference; lastKnownFileType = sourcecode.swift; path = CameraErrorViewModeTests.swift; sourceTree = "<group>"; };
/* End PBXFileReference section */

/* Begin PBXFrameworksBuildPhase section */
		8C7EF029251CEAB500CF9CFE /* Frameworks */ = {
			isa = PBXFrameworksBuildPhase;
			buildActionMask = 2147483647;
			files = (
			);
			runOnlyForDeploymentPostprocessing = 0;
		};
		8C7EF03A251CEAB700CF9CFE /* Frameworks */ = {
			isa = PBXFrameworksBuildPhase;
			buildActionMask = 2147483647;
			files = (
				8C61C49B2539A7560093E78A /* ViewInspector in Frameworks */,
			);
			runOnlyForDeploymentPostprocessing = 0;
		};
		8C7EF045251CEAB700CF9CFE /* Frameworks */ = {
			isa = PBXFrameworksBuildPhase;
			buildActionMask = 2147483647;
			files = (
			);
			runOnlyForDeploymentPostprocessing = 0;
		};
/* End PBXFrameworksBuildPhase section */

/* Begin PBXGroup section */
		8C0E39F22525F6B1004BFFCA /* Manager */ = {
			isa = PBXGroup;
			children = (
				8CC3C448251DFD2F00CC4698 /* SessionManager.swift */,
				8C19F5272A599D97008EC83D /* CaptureManager.swift */,
			);
			path = Manager;
			sourceTree = "<group>";
		};
		8C0E39F32525F6C4004BFFCA /* Dependency Inversion */ = {
			isa = PBXGroup;
			children = (
				8CE900592A4DB6E400815F95 /* AVCaptureConnection+CaptureConnection.swift */,
				8C12BD0329989725008C181D /* AVCaptureDevice+CaptureDevice.swift */,
				8CE900632A4DBC0800815F95 /* AVCaptureDeviceFormat+DependencyInversion.swift */,
				8CE900672A4DC05400815F95 /* AVCaptureInput+DependencyInversion.swift */,
				8CE900692A4DC0BA00815F95 /* AVCapturePhoto+DependencyInversion.swift */,
				8CE9005B2A4DB6FF00815F95 /* AVCapturePhotoOutput+DependencyInversion.swift */,
				8CE900572A4DB6C300815F95 /* AVCapturePhotoSettings+DependencyInversion.swift */,
				8CE9006B2A4DC27900815F95 /* CMSampleBuffer+DependencyInversion.swift */,
				8CE9005F2A4DB7EB00815F95 /* AVCaptureSession+DependencyInversion.swift */,
				8CE9005D2A4DB73100815F95 /* AVCaptureVideoDataOutput+DependencyInversion.swift */,
				8CE900552A4DB69100815F95 /* AVCaptureVideoPreviewLayer+DependencyInversion.swift */,
				8CE900612A4DB87100815F95 /* CMFormatDescription+DependencyInversion.swift */,
				8CC3C44A251DFD2F00CC4698 /* Delegates+DependencyInversion.swift */,
				8CF4C41E2A4F0E290054E8B4 /* AVCaptureDeviceInput+DependencyInversion.swift */,
				8CF4C4202A4F1B1C0054E8B4 /* AVCaptureSessionPreset+DependencyInversion.swift */,
			);
			path = "Dependency Inversion";
			sourceTree = "<group>";
		};
		8C1180C7253EFDFC004ED0B0 /* Device Operation */ = {
			isa = PBXGroup;
			children = (
				8C1180CD253EFE7F004ED0B0 /* CameraOperation.swift */,
				8C1180C8253EFE2A004ED0B0 /* CameraOperationContract.swift */,
			);
			path = "Device Operation";
			sourceTree = "<group>";
		};
		8C1180DA253F1FDA004ED0B0 /* Device Operation */ = {
			isa = PBXGroup;
			children = (
				8C1180E6253F2032004ED0B0 /* CameraOperationTests.swift */,
			);
			path = "Device Operation";
			sourceTree = "<group>";
		};
		8C118103253F3A89004ED0B0 /* Hardware resources */ = {
			isa = PBXGroup;
			children = (
				8C118109253F3B2A004ED0B0 /* DeviceResources.swift */,
			);
			path = "Hardware resources";
			sourceTree = "<group>";
		};
		8C19F5292A59C136008EC83D /* Coordinator */ = {
			isa = PBXGroup;
			children = (
				8C19F52A2A59C14D008EC83D /* PhotoCaptureCoordinator.swift */,
			);
			path = Coordinator;
			sourceTree = "<group>";
		};
		8C19F52E2A59D2A6008EC83D /* Basic type */ = {
			isa = PBXGroup;
			children = (
				8C19F52F2A59D2CE008EC83D /* Camera.swift */,
				8C19F5312A59D37B008EC83D /* CaptureDevice.swift */,
				8C19F5332A59D402008EC83D /* CaptureDeviceFormat.swift */,
			);
			path = "Basic type";
			sourceTree = "<group>";
		};
		8C1C8761252F4FEA00001B14 /* ViewModel */ = {
			isa = PBXGroup;
			children = (
				8CF4C4272A4F2CF00054E8B4 /* CameraErrorViewModeTests.swift */,
				8CE53ECA29957FA800DE5B6F /* ExposureBiasViewModelTests.swift */,
				8CE53EC3299562FE00DE5B6F /* HistogramViewModelTests.swift */,
				8C0EF88F2A506F770012CFBB /* PreviewUIViewModelTests.swift */,
				8C1C876D252F58A100001B14 /* PreviewViewModelTests.swift */,
				8CD793C8252A22F00071F3F6 /* ShutterButtonViewModelTests.swift */,
				8C1C8765252F50DE00001B14 /* WidgetViewModelTests.swift */,
			);
			path = ViewModel;
			sourceTree = "<group>";
		};
		8C1C8764252F502700001B14 /* Model */ = {
			isa = PBXGroup;
			children = (
				8CE53EBD2993F06A00DE5B6F /* HistogramGeneratorTests.swift */,
				8CF4C41C2A4F0B8D0054E8B4 /* FocusSettingTests.swift */,
			);
			path = Model;
			sourceTree = "<group>";
		};
		8C1C8772252F5A8200001B14 /* Helper */ = {
			isa = PBXGroup;
			children = (
				8C46436D25320C1F00889AC3 /* BundlePlistValues.swift */,
			);
			path = Helper;
			sourceTree = "<group>";
		};
		8C61C49F2539A9060093E78A /* View */ = {
			isa = PBXGroup;
			children = (
				8C61C4A02539A9240093E78A /* ShutterButtonViewTests.swift */,
				8C0EF8942A507DEE0012CFBB /* PreviewViewControllerTests.swift */,
			);
			path = View;
			sourceTree = "<group>";
		};
		8C68B17D25301A9D0040AC9A /* Tests */ = {
			isa = PBXGroup;
			children = (
				8C1180DA253F1FDA004ED0B0 /* Device Operation */,
				8CF4C4222A4F1D510054E8B4 /* Factory */,
				8C869BF82A56C26C001F3501 /* Hardware resources */,
				8C869BF92A56C2B4001F3501 /* Manager */,
				8C1C8764252F502700001B14 /* Model */,
				8C68B17E25301AC30040AC9A /* Utility */,
				8C61C49F2539A9060093E78A /* View */,
				8C1C8761252F4FEA00001B14 /* ViewModel */,
			);
			path = Tests;
			sourceTree = "<group>";
		};
		8C68B17E25301AC30040AC9A /* Utility */ = {
			isa = PBXGroup;
			children = (
				8C68B17F25301AF80040AC9A /* OrientationTests.swift */,
				8CE53EC12995559000DE5B6F /* ViewConversionTests.swift */,
				8CE53F2A2996AF4D00DE5B6F /* CaptureUtilsTests.swift */,
			);
			path = Utility;
			sourceTree = "<group>";
		};
		8C7EF023251CEAB500CF9CFE = {
			isa = PBXGroup;
			children = (
				8C7EF02E251CEAB500CF9CFE /* Mocca */,
				8C7EF040251CEAB700CF9CFE /* MoccaTests */,
				8C7EF04B251CEAB700CF9CFE /* MoccaUITests */,
				8C7EF02D251CEAB500CF9CFE /* Products */,
			);
			sourceTree = "<group>";
		};
		8C7EF02D251CEAB500CF9CFE /* Products */ = {
			isa = PBXGroup;
			children = (
				8C7EF02C251CEAB500CF9CFE /* Mocca.app */,
				8C7EF03D251CEAB700CF9CFE /* MoccaTests.xctest */,
				8C7EF048251CEAB700CF9CFE /* MoccaUITests.xctest */,
			);
			name = Products;
			sourceTree = "<group>";
		};
		8C7EF02E251CEAB500CF9CFE /* Mocca */ = {
			isa = PBXGroup;
			children = (
				8C7EF02F251CEAB500CF9CFE /* MoccaApp.swift */,
				8C19F52E2A59D2A6008EC83D /* Basic type */,
				8C19F5292A59C136008EC83D /* Coordinator */,
				8C0E39F32525F6C4004BFFCA /* Dependency Inversion */,
				8C1180C7253EFDFC004ED0B0 /* Device Operation */,
				8CE9004C2A4B13D100815F95 /* Factory */,
				8C118103253F3A89004ED0B0 /* Hardware resources */,
				8CE53EC529956F0200DE5B6F /* Helper */,
				8C0E39F22525F6B1004BFFCA /* Manager */,
				8CDEB01B251FDFA20010DCCB /* Model */,
				8CADB30C253044A50061447C /* Supporting files */,
				8CCE88B825248F160086AF83 /* Utility */,
				8CDEB01C251FDFB10010DCCB /* View */,
				8CDE03D925262BCD0083F736 /* ViewModel */,
			);
			path = Mocca;
			sourceTree = "<group>";
		};
		8C7EF035251CEAB700CF9CFE /* Preview Content */ = {
			isa = PBXGroup;
			children = (
				8C7EF036251CEAB700CF9CFE /* Preview Assets.xcassets */,
			);
			path = "Preview Content";
			sourceTree = "<group>";
		};
		8C7EF040251CEAB700CF9CFE /* MoccaTests */ = {
			isa = PBXGroup;
			children = (
				8C1C8772252F5A8200001B14 /* Helper */,
				8C7EF043251CEAB700CF9CFE /* Info.plist */,
				8CE07E4D252B607F00702E14 /* Mocks */,
				8C68B17D25301A9D0040AC9A /* Tests */,
			);
			path = MoccaTests;
			sourceTree = "<group>";
		};
		8C7EF04B251CEAB700CF9CFE /* MoccaUITests */ = {
			isa = PBXGroup;
			children = (
				8C464365253208A400889AC3 /* CameraPermissionUITests.swift */,
				8C4643902533347500889AC3 /* ShutterButtonUITests.swift */,
				8C4643952533374500889AC3 /* ReticleUITests.swift */,
				8C7EF04E251CEAB700CF9CFE /* Info.plist */,
			);
			path = MoccaUITests;
			sourceTree = "<group>";
		};
		8C869BF82A56C26C001F3501 /* Hardware resources */ = {
			isa = PBXGroup;
			children = (
				8CE711092A4EEC1900560FFF /* DeviceResourcesTests.swift */,
			);
			path = "Hardware resources";
			sourceTree = "<group>";
		};
		8C869BF92A56C2B4001F3501 /* Manager */ = {
			isa = PBXGroup;
			children = (
				8C4E6946253B32F500ED1B29 /* SessionManagerTests.swift */,
			);
			path = Manager;
			sourceTree = "<group>";
		};
		8CADB30C253044A50061447C /* Supporting files */ = {
			isa = PBXGroup;
			children = (
				8C7EF035251CEAB700CF9CFE /* Preview Content */,
				8C7EF033251CEAB700CF9CFE /* Assets.xcassets */,
				8C7EF038251CEAB700CF9CFE /* Info.plist */,
			);
			path = "Supporting files";
			sourceTree = "<group>";
		};
		8CCE88B825248F160086AF83 /* Utility */ = {
			isa = PBXGroup;
			children = (
				8CC3C449251DFD2F00CC4698 /* CaptureUtils.swift */,
				8CCE88B325248F070086AF83 /* Orientation.swift */,
				8CA9F412252DDB7200730F4C /* System.swift */,
				8C1C8776252F5C3B00001B14 /* ViewConversion.swift */,
			);
			path = Utility;
			sourceTree = "<group>";
		};
		8CDE03D925262BCD0083F736 /* ViewModel */ = {
			isa = PBXGroup;
			children = (
				8C61631C2A5708AE0036958A /* AvailableCamerasViewModel.swift */,
				8C4172462A49C07E00860F71 /* CameraErrorViewModel.swift */,
				8C19F51C2A58059E008EC83D /* CameraSelectionViewModel.swift */,
				8C59B3FA25445DC9005D280B /* ExposureBiasViewModel.swift */,
				8C11812425405162004ED0B0 /* HistogramViewModel.swift */,
				8C0EF88D2A506E560012CFBB /* PreviewUIViewModel.swift */,
				8C0EF8962A5080220012CFBB /* PreviewViewControllerViewModel.swift */,
				8CDE0403252756560083F736 /* PreviewViewModel.swift */,
				8C19F51E2A5808A5008EC83D /* SelectableCameraViewModel.swift */,
				8C3E35BA2529DB7900D5E971 /* ShutterButtonViewModel.swift */,
				8CDE03DA25262BDF0083F736 /* WidgetViewModel.swift */,
			);
			path = ViewModel;
			sourceTree = "<group>";
		};
		8CDEB01B251FDFA20010DCCB /* Model */ = {
			isa = PBXGroup;
			children = (
				8CE900532A4D99AF00815F95 /* DevicePhotoLibrary.swift */,
				8CDEB0202520A5110010DCCB /* CameraSetting.swift */,
				8CDEB0492520C9E00010DCCB /* FocusSetting.swift */,
				8C11811F254021E8004ED0B0 /* HistogramGenerator.swift */,
				8C61631A2A5708240036958A /* CameraSelectionModel.swift */,
			);
			path = Model;
			sourceTree = "<group>";
		};
		8CDEB01C251FDFB10010DCCB /* View */ = {
			isa = PBXGroup;
			children = (
				8C1A5C85252203D800D92F3C /* CameraErrorView.swift */,
				8C19F5202A581DEB008EC83D /* CameraSelectionView.swift */,
				8C7EF031251CEAB500CF9CFE /* ContentView.swift */,
				8C118129254052AD004ED0B0 /* HistogramView.swift */,
				8C6728BF251E14180066A836 /* PreviewUIView.swift */,
				8C6A92732528AACB0069ADE0 /* PreviewView.swift */,
				8C6728C8251E16F50066A836 /* PreviewViewController.swift */,
				8C3E35B52529D4AD00D5E971 /* ShutterButtonView.swift */,
				8C62FEA4252B8B8B007459C9 /* SimulatorPreview.swift */,
				8CDEB03C2520BE180010DCCB /* WidgetView.swift */,
			);
			path = View;
			sourceTree = "<group>";
		};
		8CE07E4D252B607F00702E14 /* Mocks */ = {
			isa = PBXGroup;
			children = (
				8C6728A6251E10600066A836 /* MockCaptureSession.swift */,
				8C0EF8922A507CA90012CFBB /* MockUIViewControllerTransitionCoordinator.swift */,
				8C6728A7251E10600066A836 /* MockCaptureDevice.swift */,
				8CE07E42252B457100702E14 /* MockSessionManager.swift */,
				8CBEB526252B2F9800D6525F /* MockPhotoLibrary.swift */,
				8C4E6940253B328400ED1B29 /* MockCaptureDeviceInput.swift */,
				8CE9007C2A4DD5D100815F95 /* MockCapturePhotoOutput.swift */,
				8C1180D2253F17C9004ED0B0 /* MockCaptureVideoPreviewLayer.swift */,
				8C1180F8253F2A0E004ED0B0 /* MockCaptureUtils.swift */,
				8C11810E253F6CE3004ED0B0 /* MockResources.swift */,
				8CE53EC829957F8200DE5B6F /* MockCameraOperation.swift */,
				8C12BD0129985FEB008C181D /* MockPhotoTaker.swift */,
				8CE711072A4DE34600560FFF /* MockVideoOutput.swift */,
				8CF4C4252A4F23560054E8B4 /* MockPhotoSettings.swift */,
				8C0EF8982A5086440012CFBB /* MockPreviewViewControllerViewModel.swift */,
				8C869BE12A50A671001F3501 /* MockHistogram.swift */,
				8C61631E2A5716FD0036958A /* MockConfigurationFactory.swift */,
			);
			path = Mocks;
			sourceTree = "<group>";
		};
		8CE53EC529956F0200DE5B6F /* Helper */ = {
			isa = PBXGroup;
			children = (
				8C3E35BF2529E6C400D5E971 /* PhotoCaptureIntermediary.swift */,
				8CE53EC629956F2000DE5B6F /* SampleBufferIntermediary.swift */,
				8C19F52C2A59D18A008EC83D /* PhotoSettingsProvider.swift */,
			);
			path = Helper;
			sourceTree = "<group>";
		};
		8CE9004C2A4B13D100815F95 /* Factory */ = {
			isa = PBXGroup;
			children = (
				8CE9004D2A4B13ED00815F95 /* ConfigurationFactory.swift */,
			);
			path = Factory;
			sourceTree = "<group>";
		};
		8CF4C4222A4F1D510054E8B4 /* Factory */ = {
			isa = PBXGroup;
			children = (
				8CF4C4232A4F1D770054E8B4 /* ConfigurationFactoryTests.swift */,
			);
			path = Factory;
			sourceTree = "<group>";
		};
/* End PBXGroup section */

/* Begin PBXNativeTarget section */
		8C7EF02B251CEAB500CF9CFE /* Mocca */ = {
			isa = PBXNativeTarget;
			buildConfigurationList = 8C7EF051251CEAB800CF9CFE /* Build configuration list for PBXNativeTarget "Mocca" */;
			buildPhases = (
				8C7EF028251CEAB500CF9CFE /* Sources */,
				8C7EF029251CEAB500CF9CFE /* Frameworks */,
				8C7EF02A251CEAB500CF9CFE /* Resources */,
			);
			buildRules = (
			);
			dependencies = (
			);
			name = Mocca;
			productName = Mocca;
			productReference = 8C7EF02C251CEAB500CF9CFE /* Mocca.app */;
			productType = "com.apple.product-type.application";
		};
		8C7EF03C251CEAB700CF9CFE /* MoccaTests */ = {
			isa = PBXNativeTarget;
			buildConfigurationList = 8C7EF054251CEAB800CF9CFE /* Build configuration list for PBXNativeTarget "MoccaTests" */;
			buildPhases = (
				8C7EF039251CEAB700CF9CFE /* Sources */,
				8C7EF03A251CEAB700CF9CFE /* Frameworks */,
				8C7EF03B251CEAB700CF9CFE /* Resources */,
			);
			buildRules = (
			);
			dependencies = (
				8C7EF03F251CEAB700CF9CFE /* PBXTargetDependency */,
			);
			name = MoccaTests;
			packageProductDependencies = (
				8C61C49A2539A7560093E78A /* ViewInspector */,
			);
			productName = MoccaTests;
			productReference = 8C7EF03D251CEAB700CF9CFE /* MoccaTests.xctest */;
			productType = "com.apple.product-type.bundle.unit-test";
		};
		8C7EF047251CEAB700CF9CFE /* MoccaUITests */ = {
			isa = PBXNativeTarget;
			buildConfigurationList = 8C7EF057251CEAB800CF9CFE /* Build configuration list for PBXNativeTarget "MoccaUITests" */;
			buildPhases = (
				8C7EF044251CEAB700CF9CFE /* Sources */,
				8C7EF045251CEAB700CF9CFE /* Frameworks */,
				8C7EF046251CEAB700CF9CFE /* Resources */,
			);
			buildRules = (
			);
			dependencies = (
				8C7EF04A251CEAB700CF9CFE /* PBXTargetDependency */,
			);
			name = MoccaUITests;
			productName = MoccaUITests;
			productReference = 8C7EF048251CEAB700CF9CFE /* MoccaUITests.xctest */;
			productType = "com.apple.product-type.bundle.ui-testing";
		};
/* End PBXNativeTarget section */

/* Begin PBXProject section */
		8C7EF024251CEAB500CF9CFE /* Project object */ = {
			isa = PBXProject;
			attributes = {
				BuildIndependentTargetsInParallel = YES;
				LastSwiftUpdateCheck = 1200;
				LastUpgradeCheck = 1430;
				TargetAttributes = {
					8C7EF02B251CEAB500CF9CFE = {
						CreatedOnToolsVersion = 12.0;
					};
					8C7EF03C251CEAB700CF9CFE = {
						CreatedOnToolsVersion = 12.0;
						LastSwiftMigration = 1200;
					};
					8C7EF047251CEAB700CF9CFE = {
						CreatedOnToolsVersion = 12.0;
						TestTargetID = 8C7EF02B251CEAB500CF9CFE;
					};
				};
			};
			buildConfigurationList = 8C7EF027251CEAB500CF9CFE /* Build configuration list for PBXProject "Mocca" */;
			compatibilityVersion = "Xcode 9.3";
			developmentRegion = en;
			hasScannedForEncodings = 0;
			knownRegions = (
				en,
				Base,
			);
			mainGroup = 8C7EF023251CEAB500CF9CFE;
			packageReferences = (
				8C61C4992539A7560093E78A /* XCRemoteSwiftPackageReference "ViewInspector" */,
			);
			productRefGroup = 8C7EF02D251CEAB500CF9CFE /* Products */;
			projectDirPath = "";
			projectRoot = "";
			targets = (
				8C7EF02B251CEAB500CF9CFE /* Mocca */,
				8C7EF03C251CEAB700CF9CFE /* MoccaTests */,
				8C7EF047251CEAB700CF9CFE /* MoccaUITests */,
			);
		};
/* End PBXProject section */

/* Begin PBXResourcesBuildPhase section */
		8C7EF02A251CEAB500CF9CFE /* Resources */ = {
			isa = PBXResourcesBuildPhase;
			buildActionMask = 2147483647;
			files = (
				8C7EF037251CEAB700CF9CFE /* Preview Assets.xcassets in Resources */,
				8C7EF034251CEAB700CF9CFE /* Assets.xcassets in Resources */,
			);
			runOnlyForDeploymentPostprocessing = 0;
		};
		8C7EF03B251CEAB700CF9CFE /* Resources */ = {
			isa = PBXResourcesBuildPhase;
			buildActionMask = 2147483647;
			files = (
			);
			runOnlyForDeploymentPostprocessing = 0;
		};
		8C7EF046251CEAB700CF9CFE /* Resources */ = {
			isa = PBXResourcesBuildPhase;
			buildActionMask = 2147483647;
			files = (
			);
			runOnlyForDeploymentPostprocessing = 0;
		};
/* End PBXResourcesBuildPhase section */

/* Begin PBXSourcesBuildPhase section */
		8C7EF028251CEAB500CF9CFE /* Sources */ = {
			isa = PBXSourcesBuildPhase;
			buildActionMask = 2147483647;
			files = (
				8C62FEA5252B8B8B007459C9 /* SimulatorPreview.swift in Sources */,
				8CC3C44D251DFD2F00CC4698 /* Delegates+DependencyInversion.swift in Sources */,
				8C7EF032251CEAB500CF9CFE /* ContentView.swift in Sources */,
				8C61631D2A5708AE0036958A /* AvailableCamerasViewModel.swift in Sources */,
				8C3E35C02529E6C400D5E971 /* PhotoCaptureIntermediary.swift in Sources */,
				8C0EF8972A5080220012CFBB /* PreviewViewControllerViewModel.swift in Sources */,
				8C1180CE253EFE7F004ED0B0 /* CameraOperation.swift in Sources */,
				8CC3C44B251DFD2F00CC4698 /* SessionManager.swift in Sources */,
				8C19F5342A59D402008EC83D /* CaptureDeviceFormat.swift in Sources */,
				8CF4C41F2A4F0E290054E8B4 /* AVCaptureDeviceInput+DependencyInversion.swift in Sources */,
				8CE9005E2A4DB73100815F95 /* AVCaptureVideoDataOutput+DependencyInversion.swift in Sources */,
				8C4172472A49C07E00860F71 /* CameraErrorViewModel.swift in Sources */,
				8CA9F413252DDB7200730F4C /* System.swift in Sources */,
				8CDEB04A2520C9E00010DCCB /* FocusSetting.swift in Sources */,
				8C0EF88E2A506E560012CFBB /* PreviewUIViewModel.swift in Sources */,
				8CC3C44C251DFD2F00CC4698 /* CaptureUtils.swift in Sources */,
				8CE900642A4DBC0800815F95 /* AVCaptureDeviceFormat+DependencyInversion.swift in Sources */,
				8C11812A254052AD004ED0B0 /* HistogramView.swift in Sources */,
				8C19F5212A581DEB008EC83D /* CameraSelectionView.swift in Sources */,
				8C12BD0429989725008C181D /* AVCaptureDevice+CaptureDevice.swift in Sources */,
				8CE900542A4D99AF00815F95 /* DevicePhotoLibrary.swift in Sources */,
				8CE9006A2A4DC0BA00815F95 /* AVCapturePhoto+DependencyInversion.swift in Sources */,
				8C19F5282A599D97008EC83D /* CaptureManager.swift in Sources */,
				8CE900622A4DB87100815F95 /* CMFormatDescription+DependencyInversion.swift in Sources */,
				8CE53EC729956F2000DE5B6F /* SampleBufferIntermediary.swift in Sources */,
				8C3E35BB2529DB7900D5E971 /* ShutterButtonViewModel.swift in Sources */,
				8CE900562A4DB69100815F95 /* AVCaptureVideoPreviewLayer+DependencyInversion.swift in Sources */,
				8CE900682A4DC05400815F95 /* AVCaptureInput+DependencyInversion.swift in Sources */,
				8CE900582A4DB6C300815F95 /* AVCapturePhotoSettings+DependencyInversion.swift in Sources */,
				8C19F51D2A58059E008EC83D /* CameraSelectionViewModel.swift in Sources */,
				8CE9004E2A4B13ED00815F95 /* ConfigurationFactory.swift in Sources */,
				8C61631B2A5708240036958A /* CameraSelectionModel.swift in Sources */,
				8CE9005A2A4DB6E400815F95 /* AVCaptureConnection+CaptureConnection.swift in Sources */,
				8C11812525405162004ED0B0 /* HistogramViewModel.swift in Sources */,
				8CF4C4212A4F1B1C0054E8B4 /* AVCaptureSessionPreset+DependencyInversion.swift in Sources */,
				8C19F5322A59D37B008EC83D /* CaptureDevice.swift in Sources */,
				8C6A92742528AACB0069ADE0 /* PreviewView.swift in Sources */,
				8C1C8777252F5C3B00001B14 /* ViewConversion.swift in Sources */,
				8C3E35B62529D4AD00D5E971 /* ShutterButtonView.swift in Sources */,
				8CDEB0212520A5110010DCCB /* CameraSetting.swift in Sources */,
				8CDE03DB25262BDF0083F736 /* WidgetViewModel.swift in Sources */,
				8CCE88B425248F070086AF83 /* Orientation.swift in Sources */,
				8CCE88A925247D450086AF83 /* PreviewViewController.swift in Sources */,
				8CE9005C2A4DB6FF00815F95 /* AVCapturePhotoOutput+DependencyInversion.swift in Sources */,
				8C7EF030251CEAB500CF9CFE /* MoccaApp.swift in Sources */,
				8CE900602A4DB7EB00815F95 /* AVCaptureSession+DependencyInversion.swift in Sources */,
				8CE9006C2A4DC27900815F95 /* CMSampleBuffer+DependencyInversion.swift in Sources */,
				8C6728C0251E14180066A836 /* PreviewUIView.swift in Sources */,
				8C19F52D2A59D18A008EC83D /* PhotoSettingsProvider.swift in Sources */,
				8C118120254021E8004ED0B0 /* HistogramGenerator.swift in Sources */,
				8C19F52B2A59C14D008EC83D /* PhotoCaptureCoordinator.swift in Sources */,
				8C19F5302A59D2CE008EC83D /* Camera.swift in Sources */,
				8C19F51F2A5808A5008EC83D /* SelectableCameraViewModel.swift in Sources */,
				8C1180C9253EFE2A004ED0B0 /* CameraOperationContract.swift in Sources */,
				8C1A5C86252203D800D92F3C /* CameraErrorView.swift in Sources */,
				8C11810A253F3B2A004ED0B0 /* DeviceResources.swift in Sources */,
				8CDEB03D2520BE180010DCCB /* WidgetView.swift in Sources */,
				8C59B3FB25445DC9005D280B /* ExposureBiasViewModel.swift in Sources */,
				8CDE0404252756560083F736 /* PreviewViewModel.swift in Sources */,
			);
			runOnlyForDeploymentPostprocessing = 0;
		};
		8C7EF039251CEAB700CF9CFE /* Sources */ = {
			isa = PBXSourcesBuildPhase;
			buildActionMask = 2147483647;
			files = (
				8C7B436E2A40816900CE2C9C /* ShutterButtonView.swift in Sources */,
				8C0EF8992A5086440012CFBB /* MockPreviewViewControllerViewModel.swift in Sources */,
				8C7B43702A40816900CE2C9C /* FocusSetting.swift in Sources */,
				8C4E6947253B32F500ED1B29 /* SessionManagerTests.swift in Sources */,
				8C7B43722A40816900CE2C9C /* DeviceResources.swift in Sources */,
				8C6163202A57184F0036958A /* CameraSelectionModel.swift in Sources */,
				8C0EF8902A506F770012CFBB /* PreviewUIViewModelTests.swift in Sources */,
				8C7B43632A40816900CE2C9C /* Orientation.swift in Sources */,
				8CE53EC4299562FE00DE5B6F /* HistogramViewModelTests.swift in Sources */,
				8C7B437C2A40816900CE2C9C /* AVCaptureDevice+CaptureDevice.swift in Sources */,
				8C7B43782A40816900CE2C9C /* SimulatorPreview.swift in Sources */,
				8CE53F2B2996AF4D00DE5B6F /* CaptureUtilsTests.swift in Sources */,
				8CE9006D2A4DC3B400815F95 /* AVCapturePhotoOutput+DependencyInversion.swift in Sources */,
				8C7B43742A40816900CE2C9C /* SessionManager.swift in Sources */,
				8CE53EC22995559000DE5B6F /* ViewConversionTests.swift in Sources */,
				8C0EF8912A506FD30012CFBB /* PreviewUIViewModel.swift in Sources */,
				8C0EF8952A507DEE0012CFBB /* PreviewViewControllerTests.swift in Sources */,
				8C46436E25320C1F00889AC3 /* BundlePlistValues.swift in Sources */,
				8CE900732A4DC3B400815F95 /* AVCapturePhotoSettings+DependencyInversion.swift in Sources */,
				8C1180F9253F2A0E004ED0B0 /* MockCaptureUtils.swift in Sources */,
				8C7B437D2A40816900CE2C9C /* CameraOperationContract.swift in Sources */,
				8C1C876E252F58A100001B14 /* PreviewViewModelTests.swift in Sources */,
				8CF4C41D2A4F0B8D0054E8B4 /* FocusSettingTests.swift in Sources */,
				8CE900762A4DC3B400815F95 /* AVCaptureSession+DependencyInversion.swift in Sources */,
				8C7B43732A40816900CE2C9C /* CaptureUtils.swift in Sources */,
				8C7B43662A40816900CE2C9C /* PreviewUIView.swift in Sources */,
				8C68B18025301AF80040AC9A /* OrientationTests.swift in Sources */,
				8C7B43802A40816900CE2C9C /* Delegates+DependencyInversion.swift in Sources */,
				8C19F5222A5843C7008EC83D /* CameraSelectionView.swift in Sources */,
				8CE900782A4DC3B400815F95 /* AVCaptureVideoDataOutput+DependencyInversion.swift in Sources */,
				8CE53ECB29957FA800DE5B6F /* ExposureBiasViewModelTests.swift in Sources */,
				8C7B43712A40816900CE2C9C /* ExposureBiasViewModel.swift in Sources */,
				8C1180D3253F17C9004ED0B0 /* MockCaptureVideoPreviewLayer.swift in Sources */,
				8C1C8766252F50DE00001B14 /* WidgetViewModelTests.swift in Sources */,
				8CE53EBE2993F06A00DE5B6F /* HistogramGeneratorTests.swift in Sources */,
				8C7B43822A40816900CE2C9C /* ShutterButtonViewModel.swift in Sources */,
				8C19F5232A5843D4008EC83D /* CameraSelectionViewModel.swift in Sources */,
				8C7B43772A40816900CE2C9C /* HistogramView.swift in Sources */,
				8C7B43692A40816900CE2C9C /* ContentView.swift in Sources */,
				8CE900702A4DC3B400815F95 /* CMSampleBuffer+DependencyInversion.swift in Sources */,
				8CF4C4242A4F1D770054E8B4 /* ConfigurationFactoryTests.swift in Sources */,
				8CBEB527252B2F9800D6525F /* MockPhotoLibrary.swift in Sources */,
				8C6728AB251E10610066A836 /* MockCaptureSession.swift in Sources */,
				8C12BD0229985FEB008C181D /* MockPhotoTaker.swift in Sources */,
				8C7B436C2A40816900CE2C9C /* System.swift in Sources */,
				8CF4C4282A4F2CF00054E8B4 /* CameraErrorViewModeTests.swift in Sources */,
				8C7B43762A40816900CE2C9C /* HistogramViewModel.swift in Sources */,
				8C7B437A2A40816900CE2C9C /* HistogramGenerator.swift in Sources */,
				8CE900742A4DC3B400815F95 /* AVCapturePhoto+DependencyInversion.swift in Sources */,
				8CE9006E2A4DC3B400815F95 /* DevicePhotoLibrary.swift in Sources */,
				8CE7110A2A4EEC1900560FFF /* DeviceResourcesTests.swift in Sources */,
				8C7B43682A40816900CE2C9C /* CameraOperation.swift in Sources */,
				8CE9006F2A4DC3B400815F95 /* AVCaptureConnection+CaptureConnection.swift in Sources */,
				8CE900722A4DC3B400815F95 /* AVCaptureDeviceFormat+DependencyInversion.swift in Sources */,
				8C7B43792A40816900CE2C9C /* PreviewViewModel.swift in Sources */,
				8C7B436D2A40816900CE2C9C /* CameraSetting.swift in Sources */,
				8CE900712A4DC3B400815F95 /* CMFormatDescription+DependencyInversion.swift in Sources */,
				8C7B437F2A40816900CE2C9C /* ViewConversion.swift in Sources */,
				8C19F5242A5843DF008EC83D /* SelectableCameraViewModel.swift in Sources */,
				8C7B437E2A40816900CE2C9C /* CameraErrorView.swift in Sources */,
				8CE711082A4DE34600560FFF /* MockVideoOutput.swift in Sources */,
				8CE07E43252B457100702E14 /* MockSessionManager.swift in Sources */,
				8C6728AC251E10610066A836 /* MockCaptureDevice.swift in Sources */,
				8C7B436F2A40816900CE2C9C /* WidgetViewModel.swift in Sources */,
				8C0EF8932A507CA90012CFBB /* MockUIViewControllerTransitionCoordinator.swift in Sources */,
				8C0EF89A2A5086640012CFBB /* PreviewViewControllerViewModel.swift in Sources */,
				8C7B43612A40816900CE2C9C /* MoccaApp.swift in Sources */,
				8CF4C4262A4F23560054E8B4 /* MockPhotoSettings.swift in Sources */,
				8CE9007D2A4DD5D100815F95 /* MockCapturePhotoOutput.swift in Sources */,
				8C4E6941253B328400ED1B29 /* MockCaptureDeviceInput.swift in Sources */,
				8C1180E7253F2032004ED0B0 /* CameraOperationTests.swift in Sources */,
				8C7B43752A40816900CE2C9C /* PreviewView.swift in Sources */,
				8C7B43812A40816900CE2C9C /* PhotoCaptureIntermediary.swift in Sources */,
				8C61631F2A5716FD0036958A /* MockConfigurationFactory.swift in Sources */,
				8C4172482A49C08B00860F71 /* CameraErrorViewModel.swift in Sources */,
				8CE900772A4DC3B400815F95 /* AVCaptureInput+DependencyInversion.swift in Sources */,
				8CE53EC929957F8200DE5B6F /* MockCameraOperation.swift in Sources */,
				8C7B43622A40816900CE2C9C /* PreviewViewController.swift in Sources */,
				8C7B436A2A40816900CE2C9C /* SampleBufferIntermediary.swift in Sources */,
				8C61C4A12539A9240093E78A /* ShutterButtonViewTests.swift in Sources */,
				8C7B43652A40816900CE2C9C /* WidgetView.swift in Sources */,
				8C869BE22A50A671001F3501 /* MockHistogram.swift in Sources */,
				8CE900752A4DC3B400815F95 /* ConfigurationFactory.swift in Sources */,
				8CD793C9252A22F00071F3F6 /* ShutterButtonViewModelTests.swift in Sources */,
				8C11810F253F6CE3004ED0B0 /* MockResources.swift in Sources */,
				8CE900792A4DC3B400815F95 /* AVCaptureVideoPreviewLayer+DependencyInversion.swift in Sources */,
			);
			runOnlyForDeploymentPostprocessing = 0;
		};
		8C7EF044251CEAB700CF9CFE /* Sources */ = {
			isa = PBXSourcesBuildPhase;
			buildActionMask = 2147483647;
			files = (
				8C464366253208A400889AC3 /* CameraPermissionUITests.swift in Sources */,
				8C4643912533347500889AC3 /* ShutterButtonUITests.swift in Sources */,
				8C4643962533374500889AC3 /* ReticleUITests.swift in Sources */,
			);
			runOnlyForDeploymentPostprocessing = 0;
		};
/* End PBXSourcesBuildPhase section */

/* Begin PBXTargetDependency section */
		8C7EF03F251CEAB700CF9CFE /* PBXTargetDependency */ = {
			isa = PBXTargetDependency;
			target = 8C7EF02B251CEAB500CF9CFE /* Mocca */;
			targetProxy = 8C7EF03E251CEAB700CF9CFE /* PBXContainerItemProxy */;
		};
		8C7EF04A251CEAB700CF9CFE /* PBXTargetDependency */ = {
			isa = PBXTargetDependency;
			target = 8C7EF02B251CEAB500CF9CFE /* Mocca */;
			targetProxy = 8C7EF049251CEAB700CF9CFE /* PBXContainerItemProxy */;
		};
/* End PBXTargetDependency section */

/* Begin XCBuildConfiguration section */
		8C7EF04F251CEAB800CF9CFE /* Debug */ = {
			isa = XCBuildConfiguration;
			buildSettings = {
				ALWAYS_SEARCH_USER_PATHS = NO;
				CLANG_ANALYZER_NONNULL = YES;
				CLANG_ANALYZER_NUMBER_OBJECT_CONVERSION = YES_AGGRESSIVE;
				CLANG_CXX_LANGUAGE_STANDARD = "gnu++14";
				CLANG_CXX_LIBRARY = "libc++";
				CLANG_ENABLE_MODULES = YES;
				CLANG_ENABLE_OBJC_ARC = YES;
				CLANG_ENABLE_OBJC_WEAK = YES;
				CLANG_WARN_BLOCK_CAPTURE_AUTORELEASING = YES;
				CLANG_WARN_BOOL_CONVERSION = YES;
				CLANG_WARN_COMMA = YES;
				CLANG_WARN_CONSTANT_CONVERSION = YES;
				CLANG_WARN_DEPRECATED_OBJC_IMPLEMENTATIONS = YES;
				CLANG_WARN_DIRECT_OBJC_ISA_USAGE = YES_ERROR;
				CLANG_WARN_DOCUMENTATION_COMMENTS = YES;
				CLANG_WARN_EMPTY_BODY = YES;
				CLANG_WARN_ENUM_CONVERSION = YES;
				CLANG_WARN_INFINITE_RECURSION = YES;
				CLANG_WARN_INT_CONVERSION = YES;
				CLANG_WARN_NON_LITERAL_NULL_CONVERSION = YES;
				CLANG_WARN_OBJC_IMPLICIT_RETAIN_SELF = YES;
				CLANG_WARN_OBJC_LITERAL_CONVERSION = YES;
				CLANG_WARN_OBJC_ROOT_CLASS = YES_ERROR;
				CLANG_WARN_QUOTED_INCLUDE_IN_FRAMEWORK_HEADER = YES;
				CLANG_WARN_RANGE_LOOP_ANALYSIS = YES;
				CLANG_WARN_STRICT_PROTOTYPES = YES;
				CLANG_WARN_SUSPICIOUS_MOVE = YES;
				CLANG_WARN_UNGUARDED_AVAILABILITY = YES_AGGRESSIVE;
				CLANG_WARN_UNREACHABLE_CODE = YES;
				CLANG_WARN__DUPLICATE_METHOD_MATCH = YES;
				COPY_PHASE_STRIP = NO;
				DEBUG_INFORMATION_FORMAT = dwarf;
				ENABLE_STRICT_OBJC_MSGSEND = YES;
				ENABLE_TESTABILITY = YES;
				GCC_C_LANGUAGE_STANDARD = gnu11;
				GCC_DYNAMIC_NO_PIC = NO;
				GCC_NO_COMMON_BLOCKS = YES;
				GCC_OPTIMIZATION_LEVEL = 0;
				GCC_PREPROCESSOR_DEFINITIONS = (
					"DEBUG=1",
					"$(inherited)",
				);
				GCC_TREAT_INCOMPATIBLE_POINTER_TYPE_WARNINGS_AS_ERRORS = NO;
				GCC_TREAT_WARNINGS_AS_ERRORS = NO;
				GCC_WARN_64_TO_32_BIT_CONVERSION = YES;
				GCC_WARN_ABOUT_RETURN_TYPE = YES_ERROR;
				GCC_WARN_UNDECLARED_SELECTOR = YES;
				GCC_WARN_UNINITIALIZED_AUTOS = YES_AGGRESSIVE;
				GCC_WARN_UNUSED_FUNCTION = YES;
				GCC_WARN_UNUSED_VARIABLE = YES;
				IPHONEOS_DEPLOYMENT_TARGET = 16.0;
				MTL_ENABLE_DEBUG_INFO = INCLUDE_SOURCE;
				MTL_FAST_MATH = YES;
				ONLY_ACTIVE_ARCH = YES;
				SDKROOT = iphoneos;
				SWIFT_ACTIVE_COMPILATION_CONDITIONS = DEBUG;
				SWIFT_OPTIMIZATION_LEVEL = "-Onone";
				SWIFT_TREAT_WARNINGS_AS_ERRORS = NO;
				SWIFT_VERSION = 5.0;
			};
			name = Debug;
		};
		8C7EF050251CEAB800CF9CFE /* Release */ = {
			isa = XCBuildConfiguration;
			buildSettings = {
				ALWAYS_SEARCH_USER_PATHS = NO;
				CLANG_ANALYZER_NONNULL = YES;
				CLANG_ANALYZER_NUMBER_OBJECT_CONVERSION = YES_AGGRESSIVE;
				CLANG_CXX_LANGUAGE_STANDARD = "gnu++14";
				CLANG_CXX_LIBRARY = "libc++";
				CLANG_ENABLE_MODULES = YES;
				CLANG_ENABLE_OBJC_ARC = YES;
				CLANG_ENABLE_OBJC_WEAK = YES;
				CLANG_WARN_BLOCK_CAPTURE_AUTORELEASING = YES;
				CLANG_WARN_BOOL_CONVERSION = YES;
				CLANG_WARN_COMMA = YES;
				CLANG_WARN_CONSTANT_CONVERSION = YES;
				CLANG_WARN_DEPRECATED_OBJC_IMPLEMENTATIONS = YES;
				CLANG_WARN_DIRECT_OBJC_ISA_USAGE = YES_ERROR;
				CLANG_WARN_DOCUMENTATION_COMMENTS = YES;
				CLANG_WARN_EMPTY_BODY = YES;
				CLANG_WARN_ENUM_CONVERSION = YES;
				CLANG_WARN_INFINITE_RECURSION = YES;
				CLANG_WARN_INT_CONVERSION = YES;
				CLANG_WARN_NON_LITERAL_NULL_CONVERSION = YES;
				CLANG_WARN_OBJC_IMPLICIT_RETAIN_SELF = YES;
				CLANG_WARN_OBJC_LITERAL_CONVERSION = YES;
				CLANG_WARN_OBJC_ROOT_CLASS = YES_ERROR;
				CLANG_WARN_QUOTED_INCLUDE_IN_FRAMEWORK_HEADER = YES;
				CLANG_WARN_RANGE_LOOP_ANALYSIS = YES;
				CLANG_WARN_STRICT_PROTOTYPES = YES;
				CLANG_WARN_SUSPICIOUS_MOVE = YES;
				CLANG_WARN_UNGUARDED_AVAILABILITY = YES_AGGRESSIVE;
				CLANG_WARN_UNREACHABLE_CODE = YES;
				CLANG_WARN__DUPLICATE_METHOD_MATCH = YES;
				COPY_PHASE_STRIP = NO;
				DEBUG_INFORMATION_FORMAT = "dwarf-with-dsym";
				ENABLE_NS_ASSERTIONS = NO;
				ENABLE_STRICT_OBJC_MSGSEND = YES;
				GCC_C_LANGUAGE_STANDARD = gnu11;
				GCC_NO_COMMON_BLOCKS = YES;
				GCC_TREAT_INCOMPATIBLE_POINTER_TYPE_WARNINGS_AS_ERRORS = NO;
				GCC_TREAT_WARNINGS_AS_ERRORS = NO;
				GCC_WARN_64_TO_32_BIT_CONVERSION = YES;
				GCC_WARN_ABOUT_RETURN_TYPE = YES_ERROR;
				GCC_WARN_UNDECLARED_SELECTOR = YES;
				GCC_WARN_UNINITIALIZED_AUTOS = YES_AGGRESSIVE;
				GCC_WARN_UNUSED_FUNCTION = YES;
				GCC_WARN_UNUSED_VARIABLE = YES;
				IPHONEOS_DEPLOYMENT_TARGET = 16.0;
				MTL_ENABLE_DEBUG_INFO = NO;
				MTL_FAST_MATH = YES;
				SDKROOT = iphoneos;
				SWIFT_COMPILATION_MODE = wholemodule;
				SWIFT_OPTIMIZATION_LEVEL = "-O";
				SWIFT_TREAT_WARNINGS_AS_ERRORS = NO;
				SWIFT_VERSION = 5.0;
				VALIDATE_PRODUCT = YES;
			};
			name = Release;
		};
		8C7EF052251CEAB800CF9CFE /* Debug */ = {
			isa = XCBuildConfiguration;
			buildSettings = {
				ASSETCATALOG_COMPILER_APPICON_NAME = AppIcon;
				ASSETCATALOG_COMPILER_GLOBAL_ACCENT_COLOR_NAME = AccentColor;
				CODE_SIGN_STYLE = Automatic;
				DEVELOPMENT_ASSET_PATHS = "\"Mocca/Supporting files/Preview Content\"";
				DEVELOPMENT_TEAM = UE24L5QUH7;
				ENABLE_PREVIEWS = NO;
				INFOPLIST_FILE = "Mocca/Supporting files/Info.plist";
				IPHONEOS_DEPLOYMENT_TARGET = 16.0;
				LD_RUNPATH_SEARCH_PATHS = (
					"$(inherited)",
					"@executable_path/Frameworks",
				);
				MARKETING_VERSION = 1.0.2;
				PRODUCT_BUNDLE_IDENTIFIER = com.davidfearon.Mocca;
				PRODUCT_NAME = "$(TARGET_NAME)";
				SWIFT_VERSION = 5.0;
				TARGETED_DEVICE_FAMILY = 1;
			};
			name = Debug;
		};
		8C7EF053251CEAB800CF9CFE /* Release */ = {
			isa = XCBuildConfiguration;
			buildSettings = {
				ASSETCATALOG_COMPILER_APPICON_NAME = AppIcon;
				ASSETCATALOG_COMPILER_GLOBAL_ACCENT_COLOR_NAME = AccentColor;
				CODE_SIGN_STYLE = Automatic;
				DEVELOPMENT_ASSET_PATHS = "\"Mocca/Supporting files/Preview Content\"";
				DEVELOPMENT_TEAM = UE24L5QUH7;
				ENABLE_PREVIEWS = NO;
				INFOPLIST_FILE = "Mocca/Supporting files/Info.plist";
				IPHONEOS_DEPLOYMENT_TARGET = 16.0;
				LD_RUNPATH_SEARCH_PATHS = (
					"$(inherited)",
					"@executable_path/Frameworks",
				);
				MARKETING_VERSION = 1.0.2;
				PRODUCT_BUNDLE_IDENTIFIER = com.davidfearon.Mocca;
				PRODUCT_NAME = "$(TARGET_NAME)";
				SWIFT_VERSION = 5.0;
				TARGETED_DEVICE_FAMILY = 1;
			};
			name = Release;
		};
		8C7EF055251CEAB800CF9CFE /* Debug */ = {
			isa = XCBuildConfiguration;
			buildSettings = {
				ALWAYS_EMBED_SWIFT_STANDARD_LIBRARIES = YES;
				CLANG_ENABLE_MODULES = YES;
				CODE_SIGN_STYLE = Automatic;
				DEVELOPMENT_TEAM = UE24L5QUH7;
				GCC_TREAT_WARNINGS_AS_ERRORS = YES;
				INFOPLIST_FILE = MoccaTests/Info.plist;
				IPHONEOS_DEPLOYMENT_TARGET = 16.0;
				LD_RUNPATH_SEARCH_PATHS = (
					"$(inherited)",
					"@executable_path/Frameworks",
					"@loader_path/Frameworks",
				);
				PRODUCT_BUNDLE_IDENTIFIER = com.davidfearon.MoccaTests;
				PRODUCT_NAME = "$(TARGET_NAME)";
				SWIFT_OBJC_BRIDGING_HEADER = "";
				SWIFT_OPTIMIZATION_LEVEL = "-Onone";
				SWIFT_TREAT_WARNINGS_AS_ERRORS = NO;
				SWIFT_VERSION = 5.0;
				TARGETED_DEVICE_FAMILY = "1,2";
			};
			name = Debug;
		};
		8C7EF056251CEAB800CF9CFE /* Release */ = {
			isa = XCBuildConfiguration;
			buildSettings = {
				ALWAYS_EMBED_SWIFT_STANDARD_LIBRARIES = YES;
				CLANG_ENABLE_MODULES = YES;
				CODE_SIGN_STYLE = Automatic;
				DEVELOPMENT_TEAM = UE24L5QUH7;
				GCC_OPTIMIZATION_LEVEL = 0;
				GCC_TREAT_WARNINGS_AS_ERRORS = YES;
				INFOPLIST_FILE = MoccaTests/Info.plist;
				IPHONEOS_DEPLOYMENT_TARGET = 16.0;
				LD_RUNPATH_SEARCH_PATHS = (
					"$(inherited)",
					"@executable_path/Frameworks",
					"@loader_path/Frameworks",
				);
				PRODUCT_BUNDLE_IDENTIFIER = com.davidfearon.MoccaTests;
				PRODUCT_NAME = "$(TARGET_NAME)";
				SWIFT_OBJC_BRIDGING_HEADER = "";
				SWIFT_OPTIMIZATION_LEVEL = "-Onone";
				SWIFT_TREAT_WARNINGS_AS_ERRORS = NO;
				SWIFT_VERSION = 5.0;
				TARGETED_DEVICE_FAMILY = "1,2";
			};
			name = Release;
		};
		8C7EF058251CEAB800CF9CFE /* Debug */ = {
			isa = XCBuildConfiguration;
			buildSettings = {
				ALWAYS_EMBED_SWIFT_STANDARD_LIBRARIES = YES;
				CODE_SIGN_STYLE = Automatic;
				DEVELOPMENT_TEAM = UE24L5QUH7;
				INFOPLIST_FILE = MoccaUITests/Info.plist;
				LD_RUNPATH_SEARCH_PATHS = (
					"$(inherited)",
					"@executable_path/Frameworks",
					"@loader_path/Frameworks",
				);
				PRODUCT_BUNDLE_IDENTIFIER = com.davidfearon.MoccaUITests;
				PRODUCT_NAME = "$(TARGET_NAME)";
				SWIFT_VERSION = 5.0;
				TARGETED_DEVICE_FAMILY = "1,2";
				TEST_TARGET_NAME = Mocca;
			};
			name = Debug;
		};
		8C7EF059251CEAB800CF9CFE /* Release */ = {
			isa = XCBuildConfiguration;
			buildSettings = {
				ALWAYS_EMBED_SWIFT_STANDARD_LIBRARIES = YES;
				CODE_SIGN_STYLE = Automatic;
				DEVELOPMENT_TEAM = UE24L5QUH7;
				INFOPLIST_FILE = MoccaUITests/Info.plist;
				LD_RUNPATH_SEARCH_PATHS = (
					"$(inherited)",
					"@executable_path/Frameworks",
					"@loader_path/Frameworks",
				);
				PRODUCT_BUNDLE_IDENTIFIER = com.davidfearon.MoccaUITests;
				PRODUCT_NAME = "$(TARGET_NAME)";
				SWIFT_VERSION = 5.0;
				TARGETED_DEVICE_FAMILY = "1,2";
				TEST_TARGET_NAME = Mocca;
			};
			name = Release;
		};
/* End XCBuildConfiguration section */

/* Begin XCConfigurationList section */
		8C7EF027251CEAB500CF9CFE /* Build configuration list for PBXProject "Mocca" */ = {
			isa = XCConfigurationList;
			buildConfigurations = (
				8C7EF04F251CEAB800CF9CFE /* Debug */,
				8C7EF050251CEAB800CF9CFE /* Release */,
			);
			defaultConfigurationIsVisible = 0;
			defaultConfigurationName = Release;
		};
		8C7EF051251CEAB800CF9CFE /* Build configuration list for PBXNativeTarget "Mocca" */ = {
			isa = XCConfigurationList;
			buildConfigurations = (
				8C7EF052251CEAB800CF9CFE /* Debug */,
				8C7EF053251CEAB800CF9CFE /* Release */,
			);
			defaultConfigurationIsVisible = 0;
			defaultConfigurationName = Release;
		};
		8C7EF054251CEAB800CF9CFE /* Build configuration list for PBXNativeTarget "MoccaTests" */ = {
			isa = XCConfigurationList;
			buildConfigurations = (
				8C7EF055251CEAB800CF9CFE /* Debug */,
				8C7EF056251CEAB800CF9CFE /* Release */,
			);
			defaultConfigurationIsVisible = 0;
			defaultConfigurationName = Release;
		};
		8C7EF057251CEAB800CF9CFE /* Build configuration list for PBXNativeTarget "MoccaUITests" */ = {
			isa = XCConfigurationList;
			buildConfigurations = (
				8C7EF058251CEAB800CF9CFE /* Debug */,
				8C7EF059251CEAB800CF9CFE /* Release */,
			);
			defaultConfigurationIsVisible = 0;
			defaultConfigurationName = Release;
		};
/* End XCConfigurationList section */

/* Begin XCRemoteSwiftPackageReference section */
		8C61C4992539A7560093E78A /* XCRemoteSwiftPackageReference "ViewInspector" */ = {
			isa = XCRemoteSwiftPackageReference;
			repositoryURL = "https://github.com/nalexn/ViewInspector";
			requirement = {
				kind = upToNextMinorVersion;
				minimumVersion = 0.9.7;
			};
		};
/* End XCRemoteSwiftPackageReference section */

/* Begin XCSwiftPackageProductDependency section */
		8C61C49A2539A7560093E78A /* ViewInspector */ = {
			isa = XCSwiftPackageProductDependency;
			package = 8C61C4992539A7560093E78A /* XCRemoteSwiftPackageReference "ViewInspector" */;
			productName = ViewInspector;
		};
/* End XCSwiftPackageProductDependency section */
	};
	rootObject = 8C7EF024251CEAB500CF9CFE /* Project object */;
}
